// !$*UTF8*$!
{
	archiveVersion = 1;
	classes = {
	};
	objectVersion = 46;
	objects = {

/* Begin PBXBuildFile section */
		BA18A96E1CAC5545007E76B8 /* ftDrawForce.cpp in Sources */ = {isa = PBXBuildFile; fileRef = BA18A9281CAC5545007E76B8 /* ftDrawForce.cpp */; };
		BA18A96F1CAC5545007E76B8 /* ftDrawMouseForces.cpp in Sources */ = {isa = PBXBuildFile; fileRef = BA18A92B1CAC5545007E76B8 /* ftDrawMouseForces.cpp */; };
		BA18A9701CAC5545007E76B8 /* ftFluidSimulation.cpp in Sources */ = {isa = PBXBuildFile; fileRef = BA18A9391CAC5545007E76B8 /* ftFluidSimulation.cpp */; };
		BA18A9711CAC5545007E76B8 /* ftVelocityMask.cpp in Sources */ = {isa = PBXBuildFile; fileRef = BA18A9451CAC5545007E76B8 /* ftVelocityMask.cpp */; };
		BA18A9721CAC5545007E76B8 /* ftOpticalFlow.cpp in Sources */ = {isa = PBXBuildFile; fileRef = BA18A94A1CAC5545007E76B8 /* ftOpticalFlow.cpp */; };
		BA18A9731CAC5545007E76B8 /* ftParticleFlow.cpp in Sources */ = {isa = PBXBuildFile; fileRef = BA18A9521CAC5545007E76B8 /* ftParticleFlow.cpp */; };
		BA18A9741CAC5545007E76B8 /* ftAverageVelocity.cpp in Sources */ = {isa = PBXBuildFile; fileRef = BA18A9561CAC5545007E76B8 /* ftAverageVelocity.cpp */; };
		BA18A9881CAC55DA007E76B8 /* ofxBaseGui.cpp in Sources */ = {isa = PBXBuildFile; fileRef = BA18A9771CAC55DA007E76B8 /* ofxBaseGui.cpp */; };
		BA18A9891CAC55DA007E76B8 /* ofxButton.cpp in Sources */ = {isa = PBXBuildFile; fileRef = BA18A9791CAC55DA007E76B8 /* ofxButton.cpp */; };
		BA18A98A1CAC55DA007E76B8 /* ofxGuiGroup.cpp in Sources */ = {isa = PBXBuildFile; fileRef = BA18A97C1CAC55DA007E76B8 /* ofxGuiGroup.cpp */; };
		BA18A98B1CAC55DA007E76B8 /* ofxLabel.cpp in Sources */ = {isa = PBXBuildFile; fileRef = BA18A97E1CAC55DA007E76B8 /* ofxLabel.cpp */; };
		BA18A98C1CAC55DA007E76B8 /* ofxPanel.cpp in Sources */ = {isa = PBXBuildFile; fileRef = BA18A9801CAC55DA007E76B8 /* ofxPanel.cpp */; };
		BA18A98D1CAC55DA007E76B8 /* ofxSlider.cpp in Sources */ = {isa = PBXBuildFile; fileRef = BA18A9821CAC55DA007E76B8 /* ofxSlider.cpp */; };
		BA18A98E1CAC55DA007E76B8 /* ofxSliderGroup.cpp in Sources */ = {isa = PBXBuildFile; fileRef = BA18A9841CAC55DA007E76B8 /* ofxSliderGroup.cpp */; };
		BA18A98F1CAC55DA007E76B8 /* ofxToggle.cpp in Sources */ = {isa = PBXBuildFile; fileRef = BA18A9861CAC55DA007E76B8 /* ofxToggle.cpp */; };
		BA18A9941CAC7C5D007E76B8 /* fluidManager.cpp in Sources */ = {isa = PBXBuildFile; fileRef = BA18A9921CAC7C5D007E76B8 /* fluidManager.cpp */; };
		BA18A9991CAC7D9D007E76B8 /* ofxFastFboReader.cpp in Sources */ = {isa = PBXBuildFile; fileRef = BA18A9971CAC7D9D007E76B8 /* ofxFastFboReader.cpp */; };
		BA18A99C1CAEFC93007E76B8 /* particle.cpp in Sources */ = {isa = PBXBuildFile; fileRef = BA18A99A1CAEFC93007E76B8 /* particle.cpp */; };
		BA18A9A61CB2AD22007E76B8 /* stateManager.cpp in Sources */ = {isa = PBXBuildFile; fileRef = BA18A9A41CB2AD22007E76B8 /* stateManager.cpp */; };
		BA18A9AA1CB2B597007E76B8 /* baseAnimation.cpp in Sources */ = {isa = PBXBuildFile; fileRef = BA18A9A81CB2B597007E76B8 /* baseAnimation.cpp */; };
		BA18A9AD1CB2B7B6007E76B8 /* sweepAnimation.cpp in Sources */ = {isa = PBXBuildFile; fileRef = BA18A9AB1CB2B7B6007E76B8 /* sweepAnimation.cpp */; };
		BA18A9B11CB2B82F007E76B8 /* particleManager.cpp in Sources */ = {isa = PBXBuildFile; fileRef = BA18A9AF1CB2B82F007E76B8 /* particleManager.cpp */; };
		BA18A9B41CB2B966007E76B8 /* sceneBuilder.cpp in Sources */ = {isa = PBXBuildFile; fileRef = BA18A9B21CB2B966007E76B8 /* sceneBuilder.cpp */; };
		BA18A9BD1CB2D489007E76B8 /* popAnimation.cpp in Sources */ = {isa = PBXBuildFile; fileRef = BA18A9BB1CB2D489007E76B8 /* popAnimation.cpp */; };
		BA22C5AB1C8E2F0F004B30A7 /* ofxOscBundle.cpp in Sources */ = {isa = PBXBuildFile; fileRef = BA22C5841C8E2F0F004B30A7 /* ofxOscBundle.cpp */; };
		BA22C5AC1C8E2F0F004B30A7 /* ofxOscMessage.cpp in Sources */ = {isa = PBXBuildFile; fileRef = BA22C5861C8E2F0F004B30A7 /* ofxOscMessage.cpp */; };
		BA22C5AD1C8E2F0F004B30A7 /* ofxOscParameterSync.cpp in Sources */ = {isa = PBXBuildFile; fileRef = BA22C5881C8E2F0F004B30A7 /* ofxOscParameterSync.cpp */; };
		BA22C5AE1C8E2F0F004B30A7 /* ofxOscReceiver.cpp in Sources */ = {isa = PBXBuildFile; fileRef = BA22C58A1C8E2F0F004B30A7 /* ofxOscReceiver.cpp */; };
		BA22C5AF1C8E2F0F004B30A7 /* ofxOscSender.cpp in Sources */ = {isa = PBXBuildFile; fileRef = BA22C58C1C8E2F0F004B30A7 /* ofxOscSender.cpp */; };
		BA22C5B01C8E2F0F004B30A7 /* IpEndpointName.cpp in Sources */ = {isa = PBXBuildFile; fileRef = BA22C5921C8E2F0F004B30A7 /* IpEndpointName.cpp */; };
		BA22C5B11C8E2F0F004B30A7 /* NetworkingUtils.cpp in Sources */ = {isa = PBXBuildFile; fileRef = BA22C5971C8E2F0F004B30A7 /* NetworkingUtils.cpp */; };
		BA22C5B21C8E2F0F004B30A7 /* UdpSocket.cpp in Sources */ = {isa = PBXBuildFile; fileRef = BA22C5981C8E2F0F004B30A7 /* UdpSocket.cpp */; };
		BA22C5B31C8E2F0F004B30A7 /* OscOutboundPacketStream.cpp in Sources */ = {isa = PBXBuildFile; fileRef = BA22C5A21C8E2F0F004B30A7 /* OscOutboundPacketStream.cpp */; };
		BA22C5B41C8E2F0F004B30A7 /* OscPrintReceivedElements.cpp in Sources */ = {isa = PBXBuildFile; fileRef = BA22C5A51C8E2F0F004B30A7 /* OscPrintReceivedElements.cpp */; };
		BA22C5B51C8E2F0F004B30A7 /* OscReceivedElements.cpp in Sources */ = {isa = PBXBuildFile; fileRef = BA22C5A71C8E2F0F004B30A7 /* OscReceivedElements.cpp */; };
		BA22C5B61C8E2F0F004B30A7 /* OscTypes.cpp in Sources */ = {isa = PBXBuildFile; fileRef = BA22C5A91C8E2F0F004B30A7 /* OscTypes.cpp */; };
		BA255ED71CE12A9100B7D06F /* settingsGenerator.cpp in Sources */ = {isa = PBXBuildFile; fileRef = BA255ED51CE12A9100B7D06F /* settingsGenerator.cpp */; };
		BA255EE01CE2125400B7D06F /* ofxGoogleAnalytics.cpp in Sources */ = {isa = PBXBuildFile; fileRef = BA255EDC1CE2125400B7D06F /* ofxGoogleAnalytics.cpp */; };
		BA255EE11CE2125400B7D06F /* uriencode.cpp in Sources */ = {isa = PBXBuildFile; fileRef = BA255EDE1CE2125400B7D06F /* uriencode.cpp */; };
		BA255EEC1CE2125B00B7D06F /* ofxBatchDownloader.cpp in Sources */ = {isa = PBXBuildFile; fileRef = BA255EE41CE2125B00B7D06F /* ofxBatchDownloader.cpp */; };
		BA255EED1CE2125B00B7D06F /* ofxChecksum.cpp in Sources */ = {isa = PBXBuildFile; fileRef = BA255EE61CE2125B00B7D06F /* ofxChecksum.cpp */; };
		BA255EEE1CE2125B00B7D06F /* ofxDownloadCentral.cpp in Sources */ = {isa = PBXBuildFile; fileRef = BA255EE81CE2125B00B7D06F /* ofxDownloadCentral.cpp */; };
		BA255EEF1CE2125B00B7D06F /* ofxSimpleHttp.cpp in Sources */ = {isa = PBXBuildFile; fileRef = BA255EEA1CE2125B00B7D06F /* ofxSimpleHttp.cpp */; };
		BA3D3AA41CC8185D0095C0DD /* oscManager.cpp in Sources */ = {isa = PBXBuildFile; fileRef = BA3D3AA21CC8185D0095C0DD /* oscManager.cpp */; };
		BA3D3AAC1CC820430095C0DD /* ofxSimpleTimer.cpp in Sources */ = {isa = PBXBuildFile; fileRef = BA3D3AAA1CC820430095C0DD /* ofxSimpleTimer.cpp */; };
		BA5701951CB8168600C75341 /* csvLoader.cpp in Sources */ = {isa = PBXBuildFile; fileRef = BA5701931CB8168600C75341 /* csvLoader.cpp */; };
		BA57019D1CB816F800C75341 /* lightPoint.cpp in Sources */ = {isa = PBXBuildFile; fileRef = BA57019B1CB816F800C75341 /* lightPoint.cpp */; };
		BA8C2AAE1D1AEB1A00A8C9E3 /* userPopAnimation.cpp in Sources */ = {isa = PBXBuildFile; fileRef = BA8C2AAC1D1AEB1A00A8C9E3 /* userPopAnimation.cpp */; };
		BA9E815B1CDA74A9001C6F5B /* vehicle.cpp in Sources */ = {isa = PBXBuildFile; fileRef = BA9E81591CDA74A9001C6F5B /* vehicle.cpp */; };
		BADBF2AB1CD394C2009AE778 /* ofxCsv.cpp in Sources */ = {isa = PBXBuildFile; fileRef = BADBF2A71CD394C2009AE778 /* ofxCsv.cpp */; };
		BADBF2AC1CD394C2009AE778 /* ofxCsvRow.cpp in Sources */ = {isa = PBXBuildFile; fileRef = BADBF2A91CD394C2009AE778 /* ofxCsvRow.cpp */; };
		BAF1A64C1CBC461E00D9E9E2 /* kinetManager.cpp in Sources */ = {isa = PBXBuildFile; fileRef = BAF1A64A1CBC461E00D9E9E2 /* kinetManager.cpp */; };
		BAF1A65C1CBC470E00D9E9E2 /* ofxTCPClient.cpp in Sources */ = {isa = PBXBuildFile; fileRef = BAF1A6541CBC470E00D9E9E2 /* ofxTCPClient.cpp */; };
		BAF1A65D1CBC470E00D9E9E2 /* ofxTCPManager.cpp in Sources */ = {isa = PBXBuildFile; fileRef = BAF1A6561CBC470E00D9E9E2 /* ofxTCPManager.cpp */; };
		BAF1A65E1CBC470E00D9E9E2 /* ofxTCPServer.cpp in Sources */ = {isa = PBXBuildFile; fileRef = BAF1A6581CBC470E00D9E9E2 /* ofxTCPServer.cpp */; };
		BAF1A65F1CBC470E00D9E9E2 /* ofxUDPManager.cpp in Sources */ = {isa = PBXBuildFile; fileRef = BAF1A65A1CBC470E00D9E9E2 /* ofxUDPManager.cpp */; };
		BAF1A6651CBC476900D9E9E2 /* ofxKinet.cpp in Sources */ = {isa = PBXBuildFile; fileRef = BAF1A6631CBC476900D9E9E2 /* ofxKinet.cpp */; };
		BAF1A66F1CBC481A00D9E9E2 /* ofxXmlSettings.cpp in Sources */ = {isa = PBXBuildFile; fileRef = BAF1A6681CBC481A00D9E9E2 /* ofxXmlSettings.cpp */; };
		BAF1A6701CBC481A00D9E9E2 /* tinyxml.cpp in Sources */ = {isa = PBXBuildFile; fileRef = BAF1A66B1CBC481A00D9E9E2 /* tinyxml.cpp */; };
		BAF1A6711CBC481A00D9E9E2 /* tinyxmlerror.cpp in Sources */ = {isa = PBXBuildFile; fileRef = BAF1A66D1CBC481A00D9E9E2 /* tinyxmlerror.cpp */; };
		BAF1A6721CBC481A00D9E9E2 /* tinyxmlparser.cpp in Sources */ = {isa = PBXBuildFile; fileRef = BAF1A66E1CBC481A00D9E9E2 /* tinyxmlparser.cpp */; };
		BAF1A6781CBD8BBF00D9E9E2 /* explosionAnimation.cpp in Sources */ = {isa = PBXBuildFile; fileRef = BAF1A6761CBD8BBF00D9E9E2 /* explosionAnimation.cpp */; };
		E4328149138ABC9F0047C5CB /* openFrameworksDebug.a in Frameworks */ = {isa = PBXBuildFile; fileRef = E4328148138ABC890047C5CB /* openFrameworksDebug.a */; };
		E4B69E200A3A1BDC003C02F2 /* main.cpp in Sources */ = {isa = PBXBuildFile; fileRef = E4B69E1D0A3A1BDC003C02F2 /* main.cpp */; };
		E4B69E210A3A1BDC003C02F2 /* ofApp.cpp in Sources */ = {isa = PBXBuildFile; fileRef = E4B69E1E0A3A1BDC003C02F2 /* ofApp.cpp */; };
/* End PBXBuildFile section */

/* Begin PBXContainerItemProxy section */
		E4328147138ABC890047C5CB /* PBXContainerItemProxy */ = {
			isa = PBXContainerItemProxy;
			containerPortal = E4328143138ABC890047C5CB /* openFrameworksLib.xcodeproj */;
			proxyType = 2;
			remoteGlobalIDString = E4B27C1510CBEB8E00536013;
			remoteInfo = openFrameworks;
		};
		E4EEB9AB138B136A00A80321 /* PBXContainerItemProxy */ = {
			isa = PBXContainerItemProxy;
			containerPortal = E4328143138ABC890047C5CB /* openFrameworksLib.xcodeproj */;
			proxyType = 1;
			remoteGlobalIDString = E4B27C1410CBEB8E00536013;
			remoteInfo = openFrameworks;
		};
/* End PBXContainerItemProxy section */

/* Begin PBXCopyFilesBuildPhase section */
		E4C2427710CC5ABF004149E2 /* CopyFiles */ = {
			isa = PBXCopyFilesBuildPhase;
			buildActionMask = 2147483647;
			dstPath = "";
			dstSubfolderSpec = 10;
			files = (
			);
			runOnlyForDeploymentPostprocessing = 0;
		};
/* End PBXCopyFilesBuildPhase section */

/* Begin PBXFileReference section */
		BA18A9281CAC5545007E76B8 /* ftDrawForce.cpp */ = {isa = PBXFileReference; lastKnownFileType = sourcecode.cpp.cpp; path = ftDrawForce.cpp; sourceTree = "<group>"; };
		BA18A9291CAC5545007E76B8 /* ftDrawForce.h */ = {isa = PBXFileReference; lastKnownFileType = sourcecode.c.h; path = ftDrawForce.h; sourceTree = "<group>"; };
		BA18A92A1CAC5545007E76B8 /* ftDrawForceShader.h */ = {isa = PBXFileReference; lastKnownFileType = sourcecode.c.h; path = ftDrawForceShader.h; sourceTree = "<group>"; };
		BA18A92B1CAC5545007E76B8 /* ftDrawMouseForces.cpp */ = {isa = PBXFileReference; lastKnownFileType = sourcecode.cpp.cpp; path = ftDrawMouseForces.cpp; sourceTree = "<group>"; };
		BA18A92C1CAC5545007E76B8 /* ftDrawMouseForces.h */ = {isa = PBXFileReference; lastKnownFileType = sourcecode.c.h; path = ftDrawMouseForces.h; sourceTree = "<group>"; };
		BA18A92E1CAC5545007E76B8 /* ftContrastShader.h */ = {isa = PBXFileReference; lastKnownFileType = sourcecode.c.h; path = ftContrastShader.h; sourceTree = "<group>"; };
		BA18A92F1CAC5545007E76B8 /* ftDecayShader.h */ = {isa = PBXFileReference; lastKnownFileType = sourcecode.c.h; path = ftDecayShader.h; sourceTree = "<group>"; };
		BA18A9301CAC5545007E76B8 /* ftEOGShader.h */ = {isa = PBXFileReference; lastKnownFileType = sourcecode.c.h; path = ftEOGShader.h; sourceTree = "<group>"; };
		BA18A9311CAC5545007E76B8 /* ftGaussianBlurShader.h */ = {isa = PBXFileReference; lastKnownFileType = sourcecode.c.h; path = ftGaussianBlurShader.h; sourceTree = "<group>"; };
		BA18A9321CAC5545007E76B8 /* ftHSLShader.h */ = {isa = PBXFileReference; lastKnownFileType = sourcecode.c.h; path = ftHSLShader.h; sourceTree = "<group>"; };
		BA18A9331CAC5545007E76B8 /* ftLuminanceShader.h */ = {isa = PBXFileReference; lastKnownFileType = sourcecode.c.h; path = ftLuminanceShader.h; sourceTree = "<group>"; };
		BA18A9341CAC5545007E76B8 /* ftTimeBlurShader.h */ = {isa = PBXFileReference; lastKnownFileType = sourcecode.c.h; path = ftTimeBlurShader.h; sourceTree = "<group>"; };
		BA18A9361CAC5545007E76B8 /* ftAdvectShader.h */ = {isa = PBXFileReference; lastKnownFileType = sourcecode.c.h; path = ftAdvectShader.h; sourceTree = "<group>"; };
		BA18A9371CAC5545007E76B8 /* ftDiffuseShader.h */ = {isa = PBXFileReference; lastKnownFileType = sourcecode.c.h; path = ftDiffuseShader.h; sourceTree = "<group>"; };
		BA18A9381CAC5545007E76B8 /* ftDivergenceShader.h */ = {isa = PBXFileReference; lastKnownFileType = sourcecode.c.h; path = ftDivergenceShader.h; sourceTree = "<group>"; };
		BA18A9391CAC5545007E76B8 /* ftFluidSimulation.cpp */ = {isa = PBXFileReference; lastKnownFileType = sourcecode.cpp.cpp; path = ftFluidSimulation.cpp; sourceTree = "<group>"; };
		BA18A93A1CAC5545007E76B8 /* ftFluidSimulation.h */ = {isa = PBXFileReference; lastKnownFileType = sourcecode.c.h; path = ftFluidSimulation.h; sourceTree = "<group>"; };
		BA18A93B1CAC5545007E76B8 /* ftJacobiShader.h */ = {isa = PBXFileReference; lastKnownFileType = sourcecode.c.h; path = ftJacobiShader.h; sourceTree = "<group>"; };
		BA18A93C1CAC5545007E76B8 /* ftSmokeBuoyancyShader.h */ = {isa = PBXFileReference; lastKnownFileType = sourcecode.c.h; path = ftSmokeBuoyancyShader.h; sourceTree = "<group>"; };
		BA18A93D1CAC5545007E76B8 /* ftSubstractGradientShader.h */ = {isa = PBXFileReference; lastKnownFileType = sourcecode.c.h; path = ftSubstractGradientShader.h; sourceTree = "<group>"; };
		BA18A93E1CAC5545007E76B8 /* ftVorticityFirstPassShader.h */ = {isa = PBXFileReference; lastKnownFileType = sourcecode.c.h; path = ftVorticityFirstPassShader.h; sourceTree = "<group>"; };
		BA18A93F1CAC5545007E76B8 /* ftVorticitySecondPassShader.h */ = {isa = PBXFileReference; lastKnownFileType = sourcecode.c.h; path = ftVorticitySecondPassShader.h; sourceTree = "<group>"; };
		BA18A9401CAC5545007E76B8 /* ftFbo.h */ = {isa = PBXFileReference; lastKnownFileType = sourcecode.c.h; path = ftFbo.h; sourceTree = "<group>"; };
		BA18A9411CAC5545007E76B8 /* ftShader.h */ = {isa = PBXFileReference; lastKnownFileType = sourcecode.c.h; path = ftShader.h; sourceTree = "<group>"; };
		BA18A9421CAC5545007E76B8 /* ftSwapBuffer.h */ = {isa = PBXFileReference; lastKnownFileType = sourcecode.c.h; path = ftSwapBuffer.h; sourceTree = "<group>"; };
		BA18A9431CAC5545007E76B8 /* ftSwapFbo.h */ = {isa = PBXFileReference; lastKnownFileType = sourcecode.c.h; path = ftSwapFbo.h; sourceTree = "<group>"; };
		BA18A9451CAC5545007E76B8 /* ftVelocityMask.cpp */ = {isa = PBXFileReference; lastKnownFileType = sourcecode.cpp.cpp; path = ftVelocityMask.cpp; sourceTree = "<group>"; };
		BA18A9461CAC5545007E76B8 /* ftVelocityMask.h */ = {isa = PBXFileReference; lastKnownFileType = sourcecode.c.h; path = ftVelocityMask.h; sourceTree = "<group>"; };
		BA18A9471CAC5545007E76B8 /* ftVelocityMaskShader.h */ = {isa = PBXFileReference; lastKnownFileType = sourcecode.c.h; path = ftVelocityMaskShader.h; sourceTree = "<group>"; };
		BA18A9481CAC5545007E76B8 /* ofxFlowTools.h */ = {isa = PBXFileReference; lastKnownFileType = sourcecode.c.h; path = ofxFlowTools.h; sourceTree = "<group>"; };
		BA18A94A1CAC5545007E76B8 /* ftOpticalFlow.cpp */ = {isa = PBXFileReference; lastKnownFileType = sourcecode.cpp.cpp; path = ftOpticalFlow.cpp; sourceTree = "<group>"; };
		BA18A94B1CAC5545007E76B8 /* ftOpticalFlow.h */ = {isa = PBXFileReference; lastKnownFileType = sourcecode.c.h; path = ftOpticalFlow.h; sourceTree = "<group>"; };
		BA18A94C1CAC5545007E76B8 /* ftOpticalFlowShader.h */ = {isa = PBXFileReference; lastKnownFileType = sourcecode.c.h; path = ftOpticalFlowShader.h; sourceTree = "<group>"; };
		BA18A94E1CAC5545007E76B8 /* ftAgeLifespanMassSizeParticleShader.h */ = {isa = PBXFileReference; lastKnownFileType = sourcecode.c.h; path = ftAgeLifespanMassSizeParticleShader.h; sourceTree = "<group>"; };
		BA18A94F1CAC5545007E76B8 /* ftDrawParticleShader.h */ = {isa = PBXFileReference; lastKnownFileType = sourcecode.c.h; path = ftDrawParticleShader.h; sourceTree = "<group>"; };
		BA18A9501CAC5545007E76B8 /* ftInitPositionShader.h */ = {isa = PBXFileReference; lastKnownFileType = sourcecode.c.h; path = ftInitPositionShader.h; sourceTree = "<group>"; };
		BA18A9511CAC5545007E76B8 /* ftMoveParticleShader.h */ = {isa = PBXFileReference; lastKnownFileType = sourcecode.c.h; path = ftMoveParticleShader.h; sourceTree = "<group>"; };
		BA18A9521CAC5545007E76B8 /* ftParticleFlow.cpp */ = {isa = PBXFileReference; lastKnownFileType = sourcecode.cpp.cpp; path = ftParticleFlow.cpp; sourceTree = "<group>"; };
		BA18A9531CAC5545007E76B8 /* ftParticleFlow.h */ = {isa = PBXFileReference; lastKnownFileType = sourcecode.c.h; path = ftParticleFlow.h; sourceTree = "<group>"; };
		BA18A9551CAC5545007E76B8 /* ftAddForceShader.h */ = {isa = PBXFileReference; lastKnownFileType = sourcecode.c.h; path = ftAddForceShader.h; sourceTree = "<group>"; };
		BA18A9561CAC5545007E76B8 /* ftAverageVelocity.cpp */ = {isa = PBXFileReference; lastKnownFileType = sourcecode.cpp.cpp; path = ftAverageVelocity.cpp; sourceTree = "<group>"; };
		BA18A9571CAC5545007E76B8 /* ftAverageVelocity.h */ = {isa = PBXFileReference; lastKnownFileType = sourcecode.c.h; path = ftAverageVelocity.h; sourceTree = "<group>"; };
		BA18A9581CAC5545007E76B8 /* ftClampLengthShader.h */ = {isa = PBXFileReference; lastKnownFileType = sourcecode.c.h; path = ftClampLengthShader.h; sourceTree = "<group>"; };
		BA18A9591CAC5545007E76B8 /* ftDensityFloatMultiplier.h */ = {isa = PBXFileReference; lastKnownFileType = sourcecode.c.h; path = ftDensityFloatMultiplier.h; sourceTree = "<group>"; };
		BA18A95A1CAC5545007E76B8 /* ftDensityVec2Multiplier.h */ = {isa = PBXFileReference; lastKnownFileType = sourcecode.c.h; path = ftDensityVec2Multiplier.h; sourceTree = "<group>"; };
		BA18A95B1CAC5545007E76B8 /* ftRedToLuminanceShader.h */ = {isa = PBXFileReference; lastKnownFileType = sourcecode.c.h; path = ftRedToLuminanceShader.h; sourceTree = "<group>"; };
		BA18A95C1CAC5545007E76B8 /* ftSplitVelocityShader.h */ = {isa = PBXFileReference; lastKnownFileType = sourcecode.c.h; path = ftSplitVelocityShader.h; sourceTree = "<group>"; };
		BA18A95D1CAC5545007E76B8 /* ftToScalar.h */ = {isa = PBXFileReference; lastKnownFileType = sourcecode.c.h; path = ftToScalar.h; sourceTree = "<group>"; };
		BA18A95E1CAC5545007E76B8 /* ftToScalarShader.h */ = {isa = PBXFileReference; lastKnownFileType = sourcecode.c.h; path = ftToScalarShader.h; sourceTree = "<group>"; };
		BA18A9601CAC5545007E76B8 /* ftDisplayScalar.h */ = {isa = PBXFileReference; lastKnownFileType = sourcecode.c.h; path = ftDisplayScalar.h; sourceTree = "<group>"; };
		BA18A9611CAC5545007E76B8 /* ftDisplayScalarShader.h */ = {isa = PBXFileReference; lastKnownFileType = sourcecode.c.h; path = ftDisplayScalarShader.h; sourceTree = "<group>"; };
		BA18A9621CAC5545007E76B8 /* ftPressureField.h */ = {isa = PBXFileReference; lastKnownFileType = sourcecode.c.h; path = ftPressureField.h; sourceTree = "<group>"; };
		BA18A9631CAC5545007E76B8 /* ftPressureFieldShader.h */ = {isa = PBXFileReference; lastKnownFileType = sourcecode.c.h; path = ftPressureFieldShader.h; sourceTree = "<group>"; };
		BA18A9641CAC5545007E76B8 /* ftSplitVelocityField.h */ = {isa = PBXFileReference; lastKnownFileType = sourcecode.c.h; path = ftSplitVelocityField.h; sourceTree = "<group>"; };
		BA18A9651CAC5545007E76B8 /* ftSplitVelocityFieldShader.h */ = {isa = PBXFileReference; lastKnownFileType = sourcecode.c.h; path = ftSplitVelocityFieldShader.h; sourceTree = "<group>"; };
		BA18A9661CAC5545007E76B8 /* ftTemperatureField.h */ = {isa = PBXFileReference; lastKnownFileType = sourcecode.c.h; path = ftTemperatureField.h; sourceTree = "<group>"; };
		BA18A9671CAC5545007E76B8 /* ftTemperatureFieldShader.h */ = {isa = PBXFileReference; lastKnownFileType = sourcecode.c.h; path = ftTemperatureFieldShader.h; sourceTree = "<group>"; };
		BA18A9681CAC5545007E76B8 /* ftVelocityField.h */ = {isa = PBXFileReference; lastKnownFileType = sourcecode.c.h; path = ftVelocityField.h; sourceTree = "<group>"; };
		BA18A9691CAC5545007E76B8 /* ftVelocityFieldShader.h */ = {isa = PBXFileReference; lastKnownFileType = sourcecode.c.h; path = ftVelocityFieldShader.h; sourceTree = "<group>"; };
		BA18A96A1CAC5545007E76B8 /* ftVelocitySpheres.h */ = {isa = PBXFileReference; lastKnownFileType = sourcecode.c.h; path = ftVelocitySpheres.h; sourceTree = "<group>"; };
		BA18A96B1CAC5545007E76B8 /* ftVelocitySpheresShader.h */ = {isa = PBXFileReference; lastKnownFileType = sourcecode.c.h; path = ftVelocitySpheresShader.h; sourceTree = "<group>"; };
		BA18A96C1CAC5545007E76B8 /* ftVTField.h */ = {isa = PBXFileReference; lastKnownFileType = sourcecode.c.h; path = ftVTField.h; sourceTree = "<group>"; };
		BA18A96D1CAC5545007E76B8 /* ftVTFieldShader.h */ = {isa = PBXFileReference; lastKnownFileType = sourcecode.c.h; path = ftVTFieldShader.h; sourceTree = "<group>"; };
		BA18A9771CAC55DA007E76B8 /* ofxBaseGui.cpp */ = {isa = PBXFileReference; lastKnownFileType = sourcecode.cpp.cpp; path = ofxBaseGui.cpp; sourceTree = "<group>"; };
		BA18A9781CAC55DA007E76B8 /* ofxBaseGui.h */ = {isa = PBXFileReference; lastKnownFileType = sourcecode.c.h; path = ofxBaseGui.h; sourceTree = "<group>"; };
		BA18A9791CAC55DA007E76B8 /* ofxButton.cpp */ = {isa = PBXFileReference; lastKnownFileType = sourcecode.cpp.cpp; path = ofxButton.cpp; sourceTree = "<group>"; };
		BA18A97A1CAC55DA007E76B8 /* ofxButton.h */ = {isa = PBXFileReference; lastKnownFileType = sourcecode.c.h; path = ofxButton.h; sourceTree = "<group>"; };
		BA18A97B1CAC55DA007E76B8 /* ofxGui.h */ = {isa = PBXFileReference; lastKnownFileType = sourcecode.c.h; path = ofxGui.h; sourceTree = "<group>"; };
		BA18A97C1CAC55DA007E76B8 /* ofxGuiGroup.cpp */ = {isa = PBXFileReference; lastKnownFileType = sourcecode.cpp.cpp; path = ofxGuiGroup.cpp; sourceTree = "<group>"; };
		BA18A97D1CAC55DA007E76B8 /* ofxGuiGroup.h */ = {isa = PBXFileReference; lastKnownFileType = sourcecode.c.h; path = ofxGuiGroup.h; sourceTree = "<group>"; };
		BA18A97E1CAC55DA007E76B8 /* ofxLabel.cpp */ = {isa = PBXFileReference; lastKnownFileType = sourcecode.cpp.cpp; path = ofxLabel.cpp; sourceTree = "<group>"; };
		BA18A97F1CAC55DA007E76B8 /* ofxLabel.h */ = {isa = PBXFileReference; lastKnownFileType = sourcecode.c.h; path = ofxLabel.h; sourceTree = "<group>"; };
		BA18A9801CAC55DA007E76B8 /* ofxPanel.cpp */ = {isa = PBXFileReference; lastKnownFileType = sourcecode.cpp.cpp; path = ofxPanel.cpp; sourceTree = "<group>"; };
		BA18A9811CAC55DA007E76B8 /* ofxPanel.h */ = {isa = PBXFileReference; lastKnownFileType = sourcecode.c.h; path = ofxPanel.h; sourceTree = "<group>"; };
		BA18A9821CAC55DA007E76B8 /* ofxSlider.cpp */ = {isa = PBXFileReference; lastKnownFileType = sourcecode.cpp.cpp; path = ofxSlider.cpp; sourceTree = "<group>"; };
		BA18A9831CAC55DA007E76B8 /* ofxSlider.h */ = {isa = PBXFileReference; lastKnownFileType = sourcecode.c.h; path = ofxSlider.h; sourceTree = "<group>"; };
		BA18A9841CAC55DA007E76B8 /* ofxSliderGroup.cpp */ = {isa = PBXFileReference; lastKnownFileType = sourcecode.cpp.cpp; path = ofxSliderGroup.cpp; sourceTree = "<group>"; };
		BA18A9851CAC55DA007E76B8 /* ofxSliderGroup.h */ = {isa = PBXFileReference; lastKnownFileType = sourcecode.c.h; path = ofxSliderGroup.h; sourceTree = "<group>"; };
		BA18A9861CAC55DA007E76B8 /* ofxToggle.cpp */ = {isa = PBXFileReference; lastKnownFileType = sourcecode.cpp.cpp; path = ofxToggle.cpp; sourceTree = "<group>"; };
		BA18A9871CAC55DA007E76B8 /* ofxToggle.h */ = {isa = PBXFileReference; lastKnownFileType = sourcecode.c.h; path = ofxToggle.h; sourceTree = "<group>"; };
		BA18A9921CAC7C5D007E76B8 /* fluidManager.cpp */ = {isa = PBXFileReference; fileEncoding = 4; lastKnownFileType = sourcecode.cpp.cpp; path = fluidManager.cpp; sourceTree = "<group>"; };
		BA18A9931CAC7C5D007E76B8 /* fluidManager.h */ = {isa = PBXFileReference; fileEncoding = 4; lastKnownFileType = sourcecode.c.h; path = fluidManager.h; sourceTree = "<group>"; };
		BA18A9971CAC7D9D007E76B8 /* ofxFastFboReader.cpp */ = {isa = PBXFileReference; lastKnownFileType = sourcecode.cpp.cpp; path = ofxFastFboReader.cpp; sourceTree = "<group>"; };
		BA18A9981CAC7D9D007E76B8 /* ofxFastFboReader.h */ = {isa = PBXFileReference; lastKnownFileType = sourcecode.c.h; path = ofxFastFboReader.h; sourceTree = "<group>"; };
		BA18A99A1CAEFC93007E76B8 /* particle.cpp */ = {isa = PBXFileReference; fileEncoding = 4; lastKnownFileType = sourcecode.cpp.cpp; path = particle.cpp; sourceTree = "<group>"; };
		BA18A99B1CAEFC93007E76B8 /* particle.h */ = {isa = PBXFileReference; fileEncoding = 4; lastKnownFileType = sourcecode.c.h; path = particle.h; sourceTree = "<group>"; };
		BA18A9A41CB2AD22007E76B8 /* stateManager.cpp */ = {isa = PBXFileReference; fileEncoding = 4; lastKnownFileType = sourcecode.cpp.cpp; path = stateManager.cpp; sourceTree = "<group>"; };
		BA18A9A51CB2AD22007E76B8 /* stateManager.h */ = {isa = PBXFileReference; fileEncoding = 4; lastKnownFileType = sourcecode.c.h; path = stateManager.h; sourceTree = "<group>"; };
		BA18A9A81CB2B597007E76B8 /* baseAnimation.cpp */ = {isa = PBXFileReference; fileEncoding = 4; lastKnownFileType = sourcecode.cpp.cpp; path = baseAnimation.cpp; sourceTree = "<group>"; };
		BA18A9A91CB2B597007E76B8 /* baseAnimation.h */ = {isa = PBXFileReference; fileEncoding = 4; lastKnownFileType = sourcecode.c.h; path = baseAnimation.h; sourceTree = "<group>"; };
		BA18A9AB1CB2B7B6007E76B8 /* sweepAnimation.cpp */ = {isa = PBXFileReference; fileEncoding = 4; lastKnownFileType = sourcecode.cpp.cpp; path = sweepAnimation.cpp; sourceTree = "<group>"; };
		BA18A9AC1CB2B7B6007E76B8 /* sweepAnimation.h */ = {isa = PBXFileReference; fileEncoding = 4; lastKnownFileType = sourcecode.c.h; path = sweepAnimation.h; sourceTree = "<group>"; };
		BA18A9AF1CB2B82F007E76B8 /* particleManager.cpp */ = {isa = PBXFileReference; fileEncoding = 4; lastKnownFileType = sourcecode.cpp.cpp; path = particleManager.cpp; sourceTree = "<group>"; };
		BA18A9B01CB2B82F007E76B8 /* particleManager.h */ = {isa = PBXFileReference; fileEncoding = 4; lastKnownFileType = sourcecode.c.h; path = particleManager.h; sourceTree = "<group>"; };
		BA18A9B21CB2B966007E76B8 /* sceneBuilder.cpp */ = {isa = PBXFileReference; fileEncoding = 4; lastKnownFileType = sourcecode.cpp.cpp; path = sceneBuilder.cpp; sourceTree = "<group>"; };
		BA18A9B31CB2B966007E76B8 /* sceneBuilder.h */ = {isa = PBXFileReference; fileEncoding = 4; lastKnownFileType = sourcecode.c.h; path = sceneBuilder.h; sourceTree = "<group>"; };
		BA18A9BB1CB2D489007E76B8 /* popAnimation.cpp */ = {isa = PBXFileReference; fileEncoding = 4; lastKnownFileType = sourcecode.cpp.cpp; path = popAnimation.cpp; sourceTree = "<group>"; };
		BA18A9BC1CB2D489007E76B8 /* popAnimation.h */ = {isa = PBXFileReference; fileEncoding = 4; lastKnownFileType = sourcecode.c.h; path = popAnimation.h; sourceTree = "<group>"; };
		BA22C5821C8E2F0F004B30A7 /* ofxOsc.h */ = {isa = PBXFileReference; lastKnownFileType = sourcecode.c.h; path = ofxOsc.h; sourceTree = "<group>"; };
		BA22C5831C8E2F0F004B30A7 /* ofxOscArg.h */ = {isa = PBXFileReference; lastKnownFileType = sourcecode.c.h; path = ofxOscArg.h; sourceTree = "<group>"; };
		BA22C5841C8E2F0F004B30A7 /* ofxOscBundle.cpp */ = {isa = PBXFileReference; lastKnownFileType = sourcecode.cpp.cpp; path = ofxOscBundle.cpp; sourceTree = "<group>"; };
		BA22C5851C8E2F0F004B30A7 /* ofxOscBundle.h */ = {isa = PBXFileReference; lastKnownFileType = sourcecode.c.h; path = ofxOscBundle.h; sourceTree = "<group>"; };
		BA22C5861C8E2F0F004B30A7 /* ofxOscMessage.cpp */ = {isa = PBXFileReference; lastKnownFileType = sourcecode.cpp.cpp; path = ofxOscMessage.cpp; sourceTree = "<group>"; };
		BA22C5871C8E2F0F004B30A7 /* ofxOscMessage.h */ = {isa = PBXFileReference; lastKnownFileType = sourcecode.c.h; path = ofxOscMessage.h; sourceTree = "<group>"; };
		BA22C5881C8E2F0F004B30A7 /* ofxOscParameterSync.cpp */ = {isa = PBXFileReference; lastKnownFileType = sourcecode.cpp.cpp; path = ofxOscParameterSync.cpp; sourceTree = "<group>"; };
		BA22C5891C8E2F0F004B30A7 /* ofxOscParameterSync.h */ = {isa = PBXFileReference; lastKnownFileType = sourcecode.c.h; path = ofxOscParameterSync.h; sourceTree = "<group>"; };
		BA22C58A1C8E2F0F004B30A7 /* ofxOscReceiver.cpp */ = {isa = PBXFileReference; lastKnownFileType = sourcecode.cpp.cpp; path = ofxOscReceiver.cpp; sourceTree = "<group>"; };
		BA22C58B1C8E2F0F004B30A7 /* ofxOscReceiver.h */ = {isa = PBXFileReference; lastKnownFileType = sourcecode.c.h; path = ofxOscReceiver.h; sourceTree = "<group>"; };
		BA22C58C1C8E2F0F004B30A7 /* ofxOscSender.cpp */ = {isa = PBXFileReference; lastKnownFileType = sourcecode.cpp.cpp; path = ofxOscSender.cpp; sourceTree = "<group>"; };
		BA22C58D1C8E2F0F004B30A7 /* ofxOscSender.h */ = {isa = PBXFileReference; lastKnownFileType = sourcecode.c.h; path = ofxOscSender.h; sourceTree = "<group>"; };
		BA22C5921C8E2F0F004B30A7 /* IpEndpointName.cpp */ = {isa = PBXFileReference; lastKnownFileType = sourcecode.cpp.cpp; path = IpEndpointName.cpp; sourceTree = "<group>"; };
		BA22C5931C8E2F0F004B30A7 /* IpEndpointName.h */ = {isa = PBXFileReference; lastKnownFileType = sourcecode.c.h; path = IpEndpointName.h; sourceTree = "<group>"; };
		BA22C5941C8E2F0F004B30A7 /* NetworkingUtils.h */ = {isa = PBXFileReference; lastKnownFileType = sourcecode.c.h; path = NetworkingUtils.h; sourceTree = "<group>"; };
		BA22C5951C8E2F0F004B30A7 /* PacketListener.h */ = {isa = PBXFileReference; lastKnownFileType = sourcecode.c.h; path = PacketListener.h; sourceTree = "<group>"; };
		BA22C5971C8E2F0F004B30A7 /* NetworkingUtils.cpp */ = {isa = PBXFileReference; lastKnownFileType = sourcecode.cpp.cpp; path = NetworkingUtils.cpp; sourceTree = "<group>"; };
		BA22C5981C8E2F0F004B30A7 /* UdpSocket.cpp */ = {isa = PBXFileReference; lastKnownFileType = sourcecode.cpp.cpp; path = UdpSocket.cpp; sourceTree = "<group>"; };
		BA22C5991C8E2F0F004B30A7 /* TimerListener.h */ = {isa = PBXFileReference; lastKnownFileType = sourcecode.c.h; path = TimerListener.h; sourceTree = "<group>"; };
		BA22C59A1C8E2F0F004B30A7 /* UdpSocket.h */ = {isa = PBXFileReference; lastKnownFileType = sourcecode.c.h; path = UdpSocket.h; sourceTree = "<group>"; };
		BA22C59F1C8E2F0F004B30A7 /* MessageMappingOscPacketListener.h */ = {isa = PBXFileReference; lastKnownFileType = sourcecode.c.h; path = MessageMappingOscPacketListener.h; sourceTree = "<group>"; };
		BA22C5A01C8E2F0F004B30A7 /* OscException.h */ = {isa = PBXFileReference; lastKnownFileType = sourcecode.c.h; path = OscException.h; sourceTree = "<group>"; };
		BA22C5A11C8E2F0F004B30A7 /* OscHostEndianness.h */ = {isa = PBXFileReference; lastKnownFileType = sourcecode.c.h; path = OscHostEndianness.h; sourceTree = "<group>"; };
		BA22C5A21C8E2F0F004B30A7 /* OscOutboundPacketStream.cpp */ = {isa = PBXFileReference; lastKnownFileType = sourcecode.cpp.cpp; path = OscOutboundPacketStream.cpp; sourceTree = "<group>"; };
		BA22C5A31C8E2F0F004B30A7 /* OscOutboundPacketStream.h */ = {isa = PBXFileReference; lastKnownFileType = sourcecode.c.h; path = OscOutboundPacketStream.h; sourceTree = "<group>"; };
		BA22C5A41C8E2F0F004B30A7 /* OscPacketListener.h */ = {isa = PBXFileReference; lastKnownFileType = sourcecode.c.h; path = OscPacketListener.h; sourceTree = "<group>"; };
		BA22C5A51C8E2F0F004B30A7 /* OscPrintReceivedElements.cpp */ = {isa = PBXFileReference; lastKnownFileType = sourcecode.cpp.cpp; path = OscPrintReceivedElements.cpp; sourceTree = "<group>"; };
		BA22C5A61C8E2F0F004B30A7 /* OscPrintReceivedElements.h */ = {isa = PBXFileReference; lastKnownFileType = sourcecode.c.h; path = OscPrintReceivedElements.h; sourceTree = "<group>"; };
		BA22C5A71C8E2F0F004B30A7 /* OscReceivedElements.cpp */ = {isa = PBXFileReference; lastKnownFileType = sourcecode.cpp.cpp; path = OscReceivedElements.cpp; sourceTree = "<group>"; };
		BA22C5A81C8E2F0F004B30A7 /* OscReceivedElements.h */ = {isa = PBXFileReference; lastKnownFileType = sourcecode.c.h; path = OscReceivedElements.h; sourceTree = "<group>"; };
		BA22C5A91C8E2F0F004B30A7 /* OscTypes.cpp */ = {isa = PBXFileReference; lastKnownFileType = sourcecode.cpp.cpp; path = OscTypes.cpp; sourceTree = "<group>"; };
		BA22C5AA1C8E2F0F004B30A7 /* OscTypes.h */ = {isa = PBXFileReference; lastKnownFileType = sourcecode.c.h; path = OscTypes.h; sourceTree = "<group>"; };
		BA255ED31CE128F800B7D06F /* easing_terms_of_use.html */ = {isa = PBXFileReference; lastKnownFileType = text.html; path = easing_terms_of_use.html; sourceTree = "<group>"; };
		BA255ED41CE128F800B7D06F /* ofxEasing.h */ = {isa = PBXFileReference; lastKnownFileType = sourcecode.c.h; path = ofxEasing.h; sourceTree = "<group>"; };
		BA255ED51CE12A9100B7D06F /* settingsGenerator.cpp */ = {isa = PBXFileReference; fileEncoding = 4; lastKnownFileType = sourcecode.cpp.cpp; path = settingsGenerator.cpp; sourceTree = "<group>"; };
		BA255ED61CE12A9100B7D06F /* settingsGenerator.h */ = {isa = PBXFileReference; fileEncoding = 4; lastKnownFileType = sourcecode.c.h; path = settingsGenerator.h; sourceTree = "<group>"; };
		BA255EDC1CE2125400B7D06F /* ofxGoogleAnalytics.cpp */ = {isa = PBXFileReference; lastKnownFileType = sourcecode.cpp.cpp; path = ofxGoogleAnalytics.cpp; sourceTree = "<group>"; };
		BA255EDD1CE2125400B7D06F /* ofxGoogleAnalytics.h */ = {isa = PBXFileReference; lastKnownFileType = sourcecode.c.h; path = ofxGoogleAnalytics.h; sourceTree = "<group>"; };
		BA255EDE1CE2125400B7D06F /* uriencode.cpp */ = {isa = PBXFileReference; lastKnownFileType = sourcecode.cpp.cpp; path = uriencode.cpp; sourceTree = "<group>"; };
		BA255EDF1CE2125400B7D06F /* uriencode.h */ = {isa = PBXFileReference; lastKnownFileType = sourcecode.c.h; path = uriencode.h; sourceTree = "<group>"; };
		BA255EE41CE2125B00B7D06F /* ofxBatchDownloader.cpp */ = {isa = PBXFileReference; lastKnownFileType = sourcecode.cpp.cpp; path = ofxBatchDownloader.cpp; sourceTree = "<group>"; };
		BA255EE51CE2125B00B7D06F /* ofxBatchDownloader.h */ = {isa = PBXFileReference; lastKnownFileType = sourcecode.c.h; path = ofxBatchDownloader.h; sourceTree = "<group>"; };
		BA255EE61CE2125B00B7D06F /* ofxChecksum.cpp */ = {isa = PBXFileReference; lastKnownFileType = sourcecode.cpp.cpp; path = ofxChecksum.cpp; sourceTree = "<group>"; };
		BA255EE71CE2125B00B7D06F /* ofxChecksum.h */ = {isa = PBXFileReference; lastKnownFileType = sourcecode.c.h; path = ofxChecksum.h; sourceTree = "<group>"; };
		BA255EE81CE2125B00B7D06F /* ofxDownloadCentral.cpp */ = {isa = PBXFileReference; lastKnownFileType = sourcecode.cpp.cpp; path = ofxDownloadCentral.cpp; sourceTree = "<group>"; };
		BA255EE91CE2125B00B7D06F /* ofxDownloadCentral.h */ = {isa = PBXFileReference; lastKnownFileType = sourcecode.c.h; path = ofxDownloadCentral.h; sourceTree = "<group>"; };
		BA255EEA1CE2125B00B7D06F /* ofxSimpleHttp.cpp */ = {isa = PBXFileReference; lastKnownFileType = sourcecode.cpp.cpp; path = ofxSimpleHttp.cpp; sourceTree = "<group>"; };
		BA255EEB1CE2125B00B7D06F /* ofxSimpleHttp.h */ = {isa = PBXFileReference; lastKnownFileType = sourcecode.c.h; path = ofxSimpleHttp.h; sourceTree = "<group>"; };
		BA3D3AA21CC8185D0095C0DD /* oscManager.cpp */ = {isa = PBXFileReference; fileEncoding = 4; lastKnownFileType = sourcecode.cpp.cpp; path = oscManager.cpp; sourceTree = "<group>"; };
		BA3D3AA31CC8185D0095C0DD /* oscManager.h */ = {isa = PBXFileReference; fileEncoding = 4; lastKnownFileType = sourcecode.c.h; path = oscManager.h; sourceTree = "<group>"; };
		BA3D3AAA1CC820430095C0DD /* ofxSimpleTimer.cpp */ = {isa = PBXFileReference; lastKnownFileType = sourcecode.cpp.cpp; path = ofxSimpleTimer.cpp; sourceTree = "<group>"; };
		BA3D3AAB1CC820430095C0DD /* ofxSimpleTimer.h */ = {isa = PBXFileReference; lastKnownFileType = sourcecode.c.h; path = ofxSimpleTimer.h; sourceTree = "<group>"; };
		BA5701931CB8168600C75341 /* csvLoader.cpp */ = {isa = PBXFileReference; fileEncoding = 4; lastKnownFileType = sourcecode.cpp.cpp; path = csvLoader.cpp; sourceTree = "<group>"; };
		BA5701941CB8168600C75341 /* csvLoader.h */ = {isa = PBXFileReference; fileEncoding = 4; lastKnownFileType = sourcecode.c.h; path = csvLoader.h; sourceTree = "<group>"; };
		BA57019B1CB816F800C75341 /* lightPoint.cpp */ = {isa = PBXFileReference; fileEncoding = 4; lastKnownFileType = sourcecode.cpp.cpp; path = lightPoint.cpp; sourceTree = "<group>"; };
		BA57019C1CB816F800C75341 /* lightPoint.h */ = {isa = PBXFileReference; fileEncoding = 4; lastKnownFileType = sourcecode.c.h; path = lightPoint.h; sourceTree = "<group>"; };
		BA8C2AAC1D1AEB1A00A8C9E3 /* userPopAnimation.cpp */ = {isa = PBXFileReference; fileEncoding = 4; lastKnownFileType = sourcecode.cpp.cpp; path = userPopAnimation.cpp; sourceTree = "<group>"; };
		BA8C2AAD1D1AEB1A00A8C9E3 /* userPopAnimation.h */ = {isa = PBXFileReference; fileEncoding = 4; lastKnownFileType = sourcecode.c.h; path = userPopAnimation.h; sourceTree = "<group>"; };
		BA91C4BF1D18443300ECAD2D /* dotsMsg.h */ = {isa = PBXFileReference; lastKnownFileType = sourcecode.c.h; path = dotsMsg.h; sourceTree = "<group>"; };
		BA9E81591CDA74A9001C6F5B /* vehicle.cpp */ = {isa = PBXFileReference; fileEncoding = 4; lastKnownFileType = sourcecode.cpp.cpp; path = vehicle.cpp; sourceTree = "<group>"; };
		BA9E815A1CDA74A9001C6F5B /* vehicle.h */ = {isa = PBXFileReference; fileEncoding = 4; lastKnownFileType = sourcecode.c.h; path = vehicle.h; sourceTree = "<group>"; };
		BA9E815C1CDA9285001C6F5B /* sweepMsg.h */ = {isa = PBXFileReference; lastKnownFileType = sourcecode.c.h; path = sweepMsg.h; sourceTree = "<group>"; };
		BADBF2A71CD394C2009AE778 /* ofxCsv.cpp */ = {isa = PBXFileReference; lastKnownFileType = sourcecode.cpp.cpp; path = ofxCsv.cpp; sourceTree = "<group>"; };
		BADBF2A81CD394C2009AE778 /* ofxCsv.h */ = {isa = PBXFileReference; lastKnownFileType = sourcecode.c.h; path = ofxCsv.h; sourceTree = "<group>"; };
		BADBF2A91CD394C2009AE778 /* ofxCsvRow.cpp */ = {isa = PBXFileReference; lastKnownFileType = sourcecode.cpp.cpp; path = ofxCsvRow.cpp; sourceTree = "<group>"; };
		BADBF2AA1CD394C2009AE778 /* ofxCsvRow.h */ = {isa = PBXFileReference; lastKnownFileType = sourcecode.c.h; path = ofxCsvRow.h; sourceTree = "<group>"; };
		BADBF2AE1CD3C120009AE778 /* msgTypes.h */ = {isa = PBXFileReference; lastKnownFileType = sourcecode.c.h; path = msgTypes.h; sourceTree = "<group>"; };
		BADBF2B01CD3C183009AE778 /* explosionMsg.h */ = {isa = PBXFileReference; fileEncoding = 4; lastKnownFileType = sourcecode.c.h; path = explosionMsg.h; sourceTree = "<group>"; };
		BAF1A64A1CBC461E00D9E9E2 /* kinetManager.cpp */ = {isa = PBXFileReference; fileEncoding = 4; lastKnownFileType = sourcecode.cpp.cpp; path = kinetManager.cpp; sourceTree = "<group>"; };
		BAF1A64B1CBC461E00D9E9E2 /* kinetManager.h */ = {isa = PBXFileReference; fileEncoding = 4; lastKnownFileType = sourcecode.c.h; path = kinetManager.h; sourceTree = "<group>"; };
		BAF1A6521CBC470E00D9E9E2 /* ofxNetwork.h */ = {isa = PBXFileReference; lastKnownFileType = sourcecode.c.h; path = ofxNetwork.h; sourceTree = "<group>"; };
		BAF1A6531CBC470E00D9E9E2 /* ofxNetworkUtils.h */ = {isa = PBXFileReference; lastKnownFileType = sourcecode.c.h; path = ofxNetworkUtils.h; sourceTree = "<group>"; };
		BAF1A6541CBC470E00D9E9E2 /* ofxTCPClient.cpp */ = {isa = PBXFileReference; lastKnownFileType = sourcecode.cpp.cpp; path = ofxTCPClient.cpp; sourceTree = "<group>"; };
		BAF1A6551CBC470E00D9E9E2 /* ofxTCPClient.h */ = {isa = PBXFileReference; lastKnownFileType = sourcecode.c.h; path = ofxTCPClient.h; sourceTree = "<group>"; };
		BAF1A6561CBC470E00D9E9E2 /* ofxTCPManager.cpp */ = {isa = PBXFileReference; lastKnownFileType = sourcecode.cpp.cpp; path = ofxTCPManager.cpp; sourceTree = "<group>"; };
		BAF1A6571CBC470E00D9E9E2 /* ofxTCPManager.h */ = {isa = PBXFileReference; lastKnownFileType = sourcecode.c.h; path = ofxTCPManager.h; sourceTree = "<group>"; };
		BAF1A6581CBC470E00D9E9E2 /* ofxTCPServer.cpp */ = {isa = PBXFileReference; lastKnownFileType = sourcecode.cpp.cpp; path = ofxTCPServer.cpp; sourceTree = "<group>"; };
		BAF1A6591CBC470E00D9E9E2 /* ofxTCPServer.h */ = {isa = PBXFileReference; lastKnownFileType = sourcecode.c.h; path = ofxTCPServer.h; sourceTree = "<group>"; };
		BAF1A65A1CBC470E00D9E9E2 /* ofxUDPManager.cpp */ = {isa = PBXFileReference; lastKnownFileType = sourcecode.cpp.cpp; path = ofxUDPManager.cpp; sourceTree = "<group>"; };
		BAF1A65B1CBC470E00D9E9E2 /* ofxUDPManager.h */ = {isa = PBXFileReference; lastKnownFileType = sourcecode.c.h; path = ofxUDPManager.h; sourceTree = "<group>"; };
		BAF1A6631CBC476900D9E9E2 /* ofxKinet.cpp */ = {isa = PBXFileReference; lastKnownFileType = sourcecode.cpp.cpp; path = ofxKinet.cpp; sourceTree = "<group>"; };
		BAF1A6641CBC476900D9E9E2 /* ofxKinet.h */ = {isa = PBXFileReference; lastKnownFileType = sourcecode.c.h; path = ofxKinet.h; sourceTree = "<group>"; };
		BAF1A6681CBC481A00D9E9E2 /* ofxXmlSettings.cpp */ = {isa = PBXFileReference; lastKnownFileType = sourcecode.cpp.cpp; path = ofxXmlSettings.cpp; sourceTree = "<group>"; };
		BAF1A6691CBC481A00D9E9E2 /* ofxXmlSettings.h */ = {isa = PBXFileReference; lastKnownFileType = sourcecode.c.h; path = ofxXmlSettings.h; sourceTree = "<group>"; };
		BAF1A66B1CBC481A00D9E9E2 /* tinyxml.cpp */ = {isa = PBXFileReference; lastKnownFileType = sourcecode.cpp.cpp; path = tinyxml.cpp; sourceTree = "<group>"; };
		BAF1A66C1CBC481A00D9E9E2 /* tinyxml.h */ = {isa = PBXFileReference; lastKnownFileType = sourcecode.c.h; path = tinyxml.h; sourceTree = "<group>"; };
		BAF1A66D1CBC481A00D9E9E2 /* tinyxmlerror.cpp */ = {isa = PBXFileReference; lastKnownFileType = sourcecode.cpp.cpp; path = tinyxmlerror.cpp; sourceTree = "<group>"; };
		BAF1A66E1CBC481A00D9E9E2 /* tinyxmlparser.cpp */ = {isa = PBXFileReference; lastKnownFileType = sourcecode.cpp.cpp; path = tinyxmlparser.cpp; sourceTree = "<group>"; };
		BAF1A6761CBD8BBF00D9E9E2 /* explosionAnimation.cpp */ = {isa = PBXFileReference; fileEncoding = 4; lastKnownFileType = sourcecode.cpp.cpp; path = explosionAnimation.cpp; sourceTree = "<group>"; };
		BAF1A6771CBD8BBF00D9E9E2 /* explosionAnimation.h */ = {isa = PBXFileReference; fileEncoding = 4; lastKnownFileType = sourcecode.c.h; path = explosionAnimation.h; sourceTree = "<group>"; };
		E4328143138ABC890047C5CB /* openFrameworksLib.xcodeproj */ = {isa = PBXFileReference; lastKnownFileType = "wrapper.pb-project"; name = openFrameworksLib.xcodeproj; path = ../../../libs/openFrameworksCompiled/project/osx/openFrameworksLib.xcodeproj; sourceTree = SOURCE_ROOT; };
		E4B69B5B0A3A1756003C02F2 /* CLP_Knoxville_WallDebug.app */ = {isa = PBXFileReference; explicitFileType = wrapper.application; includeInIndex = 0; path = CLP_Knoxville_WallDebug.app; sourceTree = BUILT_PRODUCTS_DIR; };
		E4B69E1D0A3A1BDC003C02F2 /* main.cpp */ = {isa = PBXFileReference; fileEncoding = 30; lastKnownFileType = sourcecode.cpp.cpp; name = main.cpp; path = src/main.cpp; sourceTree = SOURCE_ROOT; };
		E4B69E1E0A3A1BDC003C02F2 /* ofApp.cpp */ = {isa = PBXFileReference; explicitFileType = sourcecode.cpp.cpp; fileEncoding = 30; name = ofApp.cpp; path = src/ofApp.cpp; sourceTree = SOURCE_ROOT; };
		E4B69E1F0A3A1BDC003C02F2 /* ofApp.h */ = {isa = PBXFileReference; fileEncoding = 30; lastKnownFileType = sourcecode.c.h; name = ofApp.h; path = src/ofApp.h; sourceTree = SOURCE_ROOT; };
		E4B6FCAD0C3E899E008CF71C /* openFrameworks-Info.plist */ = {isa = PBXFileReference; fileEncoding = 30; lastKnownFileType = text.plist.xml; path = "openFrameworks-Info.plist"; sourceTree = "<group>"; };
		E4EB691F138AFCF100A09F29 /* CoreOF.xcconfig */ = {isa = PBXFileReference; fileEncoding = 4; lastKnownFileType = text.xcconfig; name = CoreOF.xcconfig; path = ../../../libs/openFrameworksCompiled/project/osx/CoreOF.xcconfig; sourceTree = SOURCE_ROOT; };
		E4EB6923138AFD0F00A09F29 /* Project.xcconfig */ = {isa = PBXFileReference; fileEncoding = 4; lastKnownFileType = text.xcconfig; path = Project.xcconfig; sourceTree = "<group>"; };
/* End PBXFileReference section */

/* Begin PBXFrameworksBuildPhase section */
		E4B69B590A3A1756003C02F2 /* Frameworks */ = {
			isa = PBXFrameworksBuildPhase;
			buildActionMask = 2147483647;
			files = (
				E4328149138ABC9F0047C5CB /* openFrameworksDebug.a in Frameworks */,
			);
			runOnlyForDeploymentPostprocessing = 0;
		};
/* End PBXFrameworksBuildPhase section */

/* Begin PBXGroup section */
		6948EE371B920CB800B5AC1A /* local_addons */ = {
			isa = PBXGroup;
			children = (
			);
			name = local_addons;
			sourceTree = "<group>";
		};
		BA18A9251CAC5545007E76B8 /* ofxFlowTools */ = {
			isa = PBXGroup;
			children = (
				BA18A9261CAC5545007E76B8 /* src */,
			);
			name = ofxFlowTools;
			sourceTree = "<group>";
		};
		BA18A9261CAC5545007E76B8 /* src */ = {
			isa = PBXGroup;
			children = (
				BA18A9271CAC5545007E76B8 /* drawforces */,
				BA18A92D1CAC5545007E76B8 /* filters */,
				BA18A9351CAC5545007E76B8 /* fluid */,
				BA18A9401CAC5545007E76B8 /* ftFbo.h */,
				BA18A9411CAC5545007E76B8 /* ftShader.h */,
				BA18A9421CAC5545007E76B8 /* ftSwapBuffer.h */,
				BA18A9431CAC5545007E76B8 /* ftSwapFbo.h */,
				BA18A9441CAC5545007E76B8 /* mask */,
				BA18A9481CAC5545007E76B8 /* ofxFlowTools.h */,
				BA18A9491CAC5545007E76B8 /* opticalflow */,
				BA18A94D1CAC5545007E76B8 /* particles */,
				BA18A9541CAC5545007E76B8 /* tools */,
				BA18A95F1CAC5545007E76B8 /* visualisation */,
			);
			name = src;
			path = ../../../addons/ofxFlowTools/src;
			sourceTree = "<group>";
		};
		BA18A9271CAC5545007E76B8 /* drawforces */ = {
			isa = PBXGroup;
			children = (
				BA18A9281CAC5545007E76B8 /* ftDrawForce.cpp */,
				BA18A9291CAC5545007E76B8 /* ftDrawForce.h */,
				BA18A92A1CAC5545007E76B8 /* ftDrawForceShader.h */,
				BA18A92B1CAC5545007E76B8 /* ftDrawMouseForces.cpp */,
				BA18A92C1CAC5545007E76B8 /* ftDrawMouseForces.h */,
			);
			path = drawforces;
			sourceTree = "<group>";
		};
		BA18A92D1CAC5545007E76B8 /* filters */ = {
			isa = PBXGroup;
			children = (
				BA18A92E1CAC5545007E76B8 /* ftContrastShader.h */,
				BA18A92F1CAC5545007E76B8 /* ftDecayShader.h */,
				BA18A9301CAC5545007E76B8 /* ftEOGShader.h */,
				BA18A9311CAC5545007E76B8 /* ftGaussianBlurShader.h */,
				BA18A9321CAC5545007E76B8 /* ftHSLShader.h */,
				BA18A9331CAC5545007E76B8 /* ftLuminanceShader.h */,
				BA18A9341CAC5545007E76B8 /* ftTimeBlurShader.h */,
			);
			path = filters;
			sourceTree = "<group>";
		};
		BA18A9351CAC5545007E76B8 /* fluid */ = {
			isa = PBXGroup;
			children = (
				BA18A9361CAC5545007E76B8 /* ftAdvectShader.h */,
				BA18A9371CAC5545007E76B8 /* ftDiffuseShader.h */,
				BA18A9381CAC5545007E76B8 /* ftDivergenceShader.h */,
				BA18A9391CAC5545007E76B8 /* ftFluidSimulation.cpp */,
				BA18A93A1CAC5545007E76B8 /* ftFluidSimulation.h */,
				BA18A93B1CAC5545007E76B8 /* ftJacobiShader.h */,
				BA18A93C1CAC5545007E76B8 /* ftSmokeBuoyancyShader.h */,
				BA18A93D1CAC5545007E76B8 /* ftSubstractGradientShader.h */,
				BA18A93E1CAC5545007E76B8 /* ftVorticityFirstPassShader.h */,
				BA18A93F1CAC5545007E76B8 /* ftVorticitySecondPassShader.h */,
			);
			path = fluid;
			sourceTree = "<group>";
		};
		BA18A9441CAC5545007E76B8 /* mask */ = {
			isa = PBXGroup;
			children = (
				BA18A9451CAC5545007E76B8 /* ftVelocityMask.cpp */,
				BA18A9461CAC5545007E76B8 /* ftVelocityMask.h */,
				BA18A9471CAC5545007E76B8 /* ftVelocityMaskShader.h */,
			);
			path = mask;
			sourceTree = "<group>";
		};
		BA18A9491CAC5545007E76B8 /* opticalflow */ = {
			isa = PBXGroup;
			children = (
				BA18A94A1CAC5545007E76B8 /* ftOpticalFlow.cpp */,
				BA18A94B1CAC5545007E76B8 /* ftOpticalFlow.h */,
				BA18A94C1CAC5545007E76B8 /* ftOpticalFlowShader.h */,
			);
			path = opticalflow;
			sourceTree = "<group>";
		};
		BA18A94D1CAC5545007E76B8 /* particles */ = {
			isa = PBXGroup;
			children = (
				BA18A94E1CAC5545007E76B8 /* ftAgeLifespanMassSizeParticleShader.h */,
				BA18A94F1CAC5545007E76B8 /* ftDrawParticleShader.h */,
				BA18A9501CAC5545007E76B8 /* ftInitPositionShader.h */,
				BA18A9511CAC5545007E76B8 /* ftMoveParticleShader.h */,
				BA18A9521CAC5545007E76B8 /* ftParticleFlow.cpp */,
				BA18A9531CAC5545007E76B8 /* ftParticleFlow.h */,
			);
			path = particles;
			sourceTree = "<group>";
		};
		BA18A9541CAC5545007E76B8 /* tools */ = {
			isa = PBXGroup;
			children = (
				BA18A9551CAC5545007E76B8 /* ftAddForceShader.h */,
				BA18A9561CAC5545007E76B8 /* ftAverageVelocity.cpp */,
				BA18A9571CAC5545007E76B8 /* ftAverageVelocity.h */,
				BA18A9581CAC5545007E76B8 /* ftClampLengthShader.h */,
				BA18A9591CAC5545007E76B8 /* ftDensityFloatMultiplier.h */,
				BA18A95A1CAC5545007E76B8 /* ftDensityVec2Multiplier.h */,
				BA18A95B1CAC5545007E76B8 /* ftRedToLuminanceShader.h */,
				BA18A95C1CAC5545007E76B8 /* ftSplitVelocityShader.h */,
				BA18A95D1CAC5545007E76B8 /* ftToScalar.h */,
				BA18A95E1CAC5545007E76B8 /* ftToScalarShader.h */,
			);
			path = tools;
			sourceTree = "<group>";
		};
		BA18A95F1CAC5545007E76B8 /* visualisation */ = {
			isa = PBXGroup;
			children = (
				BA18A9601CAC5545007E76B8 /* ftDisplayScalar.h */,
				BA18A9611CAC5545007E76B8 /* ftDisplayScalarShader.h */,
				BA18A9621CAC5545007E76B8 /* ftPressureField.h */,
				BA18A9631CAC5545007E76B8 /* ftPressureFieldShader.h */,
				BA18A9641CAC5545007E76B8 /* ftSplitVelocityField.h */,
				BA18A9651CAC5545007E76B8 /* ftSplitVelocityFieldShader.h */,
				BA18A9661CAC5545007E76B8 /* ftTemperatureField.h */,
				BA18A9671CAC5545007E76B8 /* ftTemperatureFieldShader.h */,
				BA18A9681CAC5545007E76B8 /* ftVelocityField.h */,
				BA18A9691CAC5545007E76B8 /* ftVelocityFieldShader.h */,
				BA18A96A1CAC5545007E76B8 /* ftVelocitySpheres.h */,
				BA18A96B1CAC5545007E76B8 /* ftVelocitySpheresShader.h */,
				BA18A96C1CAC5545007E76B8 /* ftVTField.h */,
				BA18A96D1CAC5545007E76B8 /* ftVTFieldShader.h */,
			);
			path = visualisation;
			sourceTree = "<group>";
		};
		BA18A9751CAC55DA007E76B8 /* ofxGui */ = {
			isa = PBXGroup;
			children = (
				BA18A9761CAC55DA007E76B8 /* src */,
			);
			name = ofxGui;
			sourceTree = "<group>";
		};
		BA18A9761CAC55DA007E76B8 /* src */ = {
			isa = PBXGroup;
			children = (
				BA18A9771CAC55DA007E76B8 /* ofxBaseGui.cpp */,
				BA18A9781CAC55DA007E76B8 /* ofxBaseGui.h */,
				BA18A9791CAC55DA007E76B8 /* ofxButton.cpp */,
				BA18A97A1CAC55DA007E76B8 /* ofxButton.h */,
				BA18A97B1CAC55DA007E76B8 /* ofxGui.h */,
				BA18A97C1CAC55DA007E76B8 /* ofxGuiGroup.cpp */,
				BA18A97D1CAC55DA007E76B8 /* ofxGuiGroup.h */,
				BA18A97E1CAC55DA007E76B8 /* ofxLabel.cpp */,
				BA18A97F1CAC55DA007E76B8 /* ofxLabel.h */,
				BA18A9801CAC55DA007E76B8 /* ofxPanel.cpp */,
				BA18A9811CAC55DA007E76B8 /* ofxPanel.h */,
				BA18A9821CAC55DA007E76B8 /* ofxSlider.cpp */,
				BA18A9831CAC55DA007E76B8 /* ofxSlider.h */,
				BA18A9841CAC55DA007E76B8 /* ofxSliderGroup.cpp */,
				BA18A9851CAC55DA007E76B8 /* ofxSliderGroup.h */,
				BA18A9861CAC55DA007E76B8 /* ofxToggle.cpp */,
				BA18A9871CAC55DA007E76B8 /* ofxToggle.h */,
			);
			name = src;
			path = ../../../addons/ofxGui/src;
			sourceTree = "<group>";
		};
		BA18A9951CAC7D9D007E76B8 /* ofxFastFboReader */ = {
			isa = PBXGroup;
			children = (
				BA18A9961CAC7D9D007E76B8 /* src */,
			);
			name = ofxFastFboReader;
			sourceTree = "<group>";
		};
		BA18A9961CAC7D9D007E76B8 /* src */ = {
			isa = PBXGroup;
			children = (
				BA18A9971CAC7D9D007E76B8 /* ofxFastFboReader.cpp */,
				BA18A9981CAC7D9D007E76B8 /* ofxFastFboReader.h */,
			);
			name = src;
			path = ../../../addons/ofxFastFboReader/src;
			sourceTree = "<group>";
		};
		BA18A9A71CB2B57C007E76B8 /* animations */ = {
			isa = PBXGroup;
			children = (
				BA18A9A81CB2B597007E76B8 /* baseAnimation.cpp */,
				BA18A9A91CB2B597007E76B8 /* baseAnimation.h */,
				BA18A9AB1CB2B7B6007E76B8 /* sweepAnimation.cpp */,
				BA18A9AC1CB2B7B6007E76B8 /* sweepAnimation.h */,
				BA18A9BB1CB2D489007E76B8 /* popAnimation.cpp */,
				BA18A9BC1CB2D489007E76B8 /* popAnimation.h */,
				BAF1A6761CBD8BBF00D9E9E2 /* explosionAnimation.cpp */,
				BAF1A6771CBD8BBF00D9E9E2 /* explosionAnimation.h */,
				BA255ED51CE12A9100B7D06F /* settingsGenerator.cpp */,
				BA255ED61CE12A9100B7D06F /* settingsGenerator.h */,
				BA8C2AAC1D1AEB1A00A8C9E3 /* userPopAnimation.cpp */,
				BA8C2AAD1D1AEB1A00A8C9E3 /* userPopAnimation.h */,
			);
			name = animations;
			sourceTree = "<group>";
		};
		BA18A9AE1CB2B815007E76B8 /* particles */ = {
			isa = PBXGroup;
			children = (
				BA9E81591CDA74A9001C6F5B /* vehicle.cpp */,
				BA9E815A1CDA74A9001C6F5B /* vehicle.h */,
				BA18A99A1CAEFC93007E76B8 /* particle.cpp */,
				BA18A99B1CAEFC93007E76B8 /* particle.h */,
				BA18A9AF1CB2B82F007E76B8 /* particleManager.cpp */,
				BA18A9B01CB2B82F007E76B8 /* particleManager.h */,
			);
			name = particles;
			sourceTree = "<group>";
		};
		BA22C5801C8E2F0F004B30A7 /* ofxOsc */ = {
			isa = PBXGroup;
			children = (
				BA22C5811C8E2F0F004B30A7 /* src */,
				BA22C58E1C8E2F0F004B30A7 /* libs */,
			);
			name = ofxOsc;
			sourceTree = "<group>";
		};
		BA22C5811C8E2F0F004B30A7 /* src */ = {
			isa = PBXGroup;
			children = (
				BA22C5821C8E2F0F004B30A7 /* ofxOsc.h */,
				BA22C5831C8E2F0F004B30A7 /* ofxOscArg.h */,
				BA22C5841C8E2F0F004B30A7 /* ofxOscBundle.cpp */,
				BA22C5851C8E2F0F004B30A7 /* ofxOscBundle.h */,
				BA22C5861C8E2F0F004B30A7 /* ofxOscMessage.cpp */,
				BA22C5871C8E2F0F004B30A7 /* ofxOscMessage.h */,
				BA22C5881C8E2F0F004B30A7 /* ofxOscParameterSync.cpp */,
				BA22C5891C8E2F0F004B30A7 /* ofxOscParameterSync.h */,
				BA22C58A1C8E2F0F004B30A7 /* ofxOscReceiver.cpp */,
				BA22C58B1C8E2F0F004B30A7 /* ofxOscReceiver.h */,
				BA22C58C1C8E2F0F004B30A7 /* ofxOscSender.cpp */,
				BA22C58D1C8E2F0F004B30A7 /* ofxOscSender.h */,
			);
			name = src;
			path = ../../../addons/ofxOsc/src;
			sourceTree = "<group>";
		};
		BA22C58E1C8E2F0F004B30A7 /* libs */ = {
			isa = PBXGroup;
			children = (
				BA22C58F1C8E2F0F004B30A7 /* oscpack */,
			);
			name = libs;
			path = ../../../addons/ofxOsc/libs;
			sourceTree = "<group>";
		};
		BA22C58F1C8E2F0F004B30A7 /* oscpack */ = {
			isa = PBXGroup;
			children = (
				BA22C5901C8E2F0F004B30A7 /* src */,
			);
			path = oscpack;
			sourceTree = "<group>";
		};
		BA22C5901C8E2F0F004B30A7 /* src */ = {
			isa = PBXGroup;
			children = (
				BA22C5911C8E2F0F004B30A7 /* ip */,
				BA22C59E1C8E2F0F004B30A7 /* osc */,
			);
			path = src;
			sourceTree = "<group>";
		};
		BA22C5911C8E2F0F004B30A7 /* ip */ = {
			isa = PBXGroup;
			children = (
				BA22C5921C8E2F0F004B30A7 /* IpEndpointName.cpp */,
				BA22C5931C8E2F0F004B30A7 /* IpEndpointName.h */,
				BA22C5941C8E2F0F004B30A7 /* NetworkingUtils.h */,
				BA22C5951C8E2F0F004B30A7 /* PacketListener.h */,
				BA22C5961C8E2F0F004B30A7 /* posix */,
				BA22C5991C8E2F0F004B30A7 /* TimerListener.h */,
				BA22C59A1C8E2F0F004B30A7 /* UdpSocket.h */,
			);
			path = ip;
			sourceTree = "<group>";
		};
		BA22C5961C8E2F0F004B30A7 /* posix */ = {
			isa = PBXGroup;
			children = (
				BA22C5971C8E2F0F004B30A7 /* NetworkingUtils.cpp */,
				BA22C5981C8E2F0F004B30A7 /* UdpSocket.cpp */,
			);
			path = posix;
			sourceTree = "<group>";
		};
		BA22C59E1C8E2F0F004B30A7 /* osc */ = {
			isa = PBXGroup;
			children = (
				BA22C59F1C8E2F0F004B30A7 /* MessageMappingOscPacketListener.h */,
				BA22C5A01C8E2F0F004B30A7 /* OscException.h */,
				BA22C5A11C8E2F0F004B30A7 /* OscHostEndianness.h */,
				BA22C5A21C8E2F0F004B30A7 /* OscOutboundPacketStream.cpp */,
				BA22C5A31C8E2F0F004B30A7 /* OscOutboundPacketStream.h */,
				BA22C5A41C8E2F0F004B30A7 /* OscPacketListener.h */,
				BA22C5A51C8E2F0F004B30A7 /* OscPrintReceivedElements.cpp */,
				BA22C5A61C8E2F0F004B30A7 /* OscPrintReceivedElements.h */,
				BA22C5A71C8E2F0F004B30A7 /* OscReceivedElements.cpp */,
				BA22C5A81C8E2F0F004B30A7 /* OscReceivedElements.h */,
				BA22C5A91C8E2F0F004B30A7 /* OscTypes.cpp */,
				BA22C5AA1C8E2F0F004B30A7 /* OscTypes.h */,
			);
			path = osc;
			sourceTree = "<group>";
		};
		BA255ED11CE128F800B7D06F /* ofxEasing */ = {
			isa = PBXGroup;
			children = (
				BA255ED21CE128F800B7D06F /* src */,
			);
			name = ofxEasing;
			sourceTree = "<group>";
		};
		BA255ED21CE128F800B7D06F /* src */ = {
			isa = PBXGroup;
			children = (
				BA255ED31CE128F800B7D06F /* easing_terms_of_use.html */,
				BA255ED41CE128F800B7D06F /* ofxEasing.h */,
			);
			name = src;
			path = ../../../addons/ofxEasing/src;
			sourceTree = "<group>";
		};
		BA255EDA1CE2125400B7D06F /* ofxGoogleAnalytics */ = {
			isa = PBXGroup;
			children = (
				BA255EDB1CE2125400B7D06F /* src */,
			);
			name = ofxGoogleAnalytics;
			sourceTree = "<group>";
		};
		BA255EDB1CE2125400B7D06F /* src */ = {
			isa = PBXGroup;
			children = (
				BA255EDC1CE2125400B7D06F /* ofxGoogleAnalytics.cpp */,
				BA255EDD1CE2125400B7D06F /* ofxGoogleAnalytics.h */,
				BA255EDE1CE2125400B7D06F /* uriencode.cpp */,
				BA255EDF1CE2125400B7D06F /* uriencode.h */,
			);
			name = src;
			path = ../../../addons/ofxGoogleAnalytics/src;
			sourceTree = "<group>";
		};
		BA255EE21CE2125B00B7D06F /* ofxSimpleHttp */ = {
			isa = PBXGroup;
			children = (
				BA255EE31CE2125B00B7D06F /* src */,
			);
			name = ofxSimpleHttp;
			sourceTree = "<group>";
		};
		BA255EE31CE2125B00B7D06F /* src */ = {
			isa = PBXGroup;
			children = (
				BA255EE41CE2125B00B7D06F /* ofxBatchDownloader.cpp */,
				BA255EE51CE2125B00B7D06F /* ofxBatchDownloader.h */,
				BA255EE61CE2125B00B7D06F /* ofxChecksum.cpp */,
				BA255EE71CE2125B00B7D06F /* ofxChecksum.h */,
				BA255EE81CE2125B00B7D06F /* ofxDownloadCentral.cpp */,
				BA255EE91CE2125B00B7D06F /* ofxDownloadCentral.h */,
				BA255EEA1CE2125B00B7D06F /* ofxSimpleHttp.cpp */,
				BA255EEB1CE2125B00B7D06F /* ofxSimpleHttp.h */,
			);
			name = src;
			path = ../../../addons/ofxSimpleHttp/src;
			sourceTree = "<group>";
		};
		BA3D3AA81CC820430095C0DD /* ofxSimpleTimer */ = {
			isa = PBXGroup;
			children = (
				BA3D3AA91CC820430095C0DD /* src */,
			);
			name = ofxSimpleTimer;
			sourceTree = "<group>";
		};
		BA3D3AA91CC820430095C0DD /* src */ = {
			isa = PBXGroup;
			children = (
				BA3D3AAA1CC820430095C0DD /* ofxSimpleTimer.cpp */,
				BA3D3AAB1CC820430095C0DD /* ofxSimpleTimer.h */,
			);
			name = src;
			path = ../../../addons/ofxSimpleTimer/src;
			sourceTree = "<group>";
		};
		BA9E81581CDA747A001C6F5B /* managers */ = {
			isa = PBXGroup;
			children = (
				BA18A9921CAC7C5D007E76B8 /* fluidManager.cpp */,
				BA18A9931CAC7C5D007E76B8 /* fluidManager.h */,
				BA18A9B21CB2B966007E76B8 /* sceneBuilder.cpp */,
				BA18A9B31CB2B966007E76B8 /* sceneBuilder.h */,
				BA18A9A41CB2AD22007E76B8 /* stateManager.cpp */,
				BA18A9A51CB2AD22007E76B8 /* stateManager.h */,
			);
			name = managers;
			sourceTree = "<group>";
		};
		BADBF2981CD14F79009AE778 /* data */ = {
			isa = PBXGroup;
			children = (
				BADBF2AE1CD3C120009AE778 /* msgTypes.h */,
				BADBF2B01CD3C183009AE778 /* explosionMsg.h */,
				BA9E815C1CDA9285001C6F5B /* sweepMsg.h */,
				BA91C4BF1D18443300ECAD2D /* dotsMsg.h */,
			);
			name = data;
			sourceTree = "<group>";
		};
		BADBF2A51CD394C2009AE778 /* ofxCsv */ = {
			isa = PBXGroup;
			children = (
				BADBF2A61CD394C2009AE778 /* src */,
			);
			name = ofxCsv;
			sourceTree = "<group>";
		};
		BADBF2A61CD394C2009AE778 /* src */ = {
			isa = PBXGroup;
			children = (
				BADBF2A71CD394C2009AE778 /* ofxCsv.cpp */,
				BADBF2A81CD394C2009AE778 /* ofxCsv.h */,
				BADBF2A91CD394C2009AE778 /* ofxCsvRow.cpp */,
				BADBF2AA1CD394C2009AE778 /* ofxCsvRow.h */,
			);
			name = src;
			path = ../../../addons/ofxCsv/src;
			sourceTree = "<group>";
		};
		BAF1A6491CBC45FB00D9E9E2 /* peripherals */ = {
			isa = PBXGroup;
			children = (
				BA57019B1CB816F800C75341 /* lightPoint.cpp */,
				BA57019C1CB816F800C75341 /* lightPoint.h */,
				BA5701931CB8168600C75341 /* csvLoader.cpp */,
				BA5701941CB8168600C75341 /* csvLoader.h */,
				BAF1A64A1CBC461E00D9E9E2 /* kinetManager.cpp */,
				BAF1A64B1CBC461E00D9E9E2 /* kinetManager.h */,
				BA3D3AA21CC8185D0095C0DD /* oscManager.cpp */,
				BA3D3AA31CC8185D0095C0DD /* oscManager.h */,
			);
			name = peripherals;
			sourceTree = "<group>";
		};
		BAF1A6501CBC470E00D9E9E2 /* ofxNetwork */ = {
			isa = PBXGroup;
			children = (
				BAF1A6511CBC470E00D9E9E2 /* src */,
			);
			name = ofxNetwork;
			sourceTree = "<group>";
		};
		BAF1A6511CBC470E00D9E9E2 /* src */ = {
			isa = PBXGroup;
			children = (
				BAF1A6521CBC470E00D9E9E2 /* ofxNetwork.h */,
				BAF1A6531CBC470E00D9E9E2 /* ofxNetworkUtils.h */,
				BAF1A6541CBC470E00D9E9E2 /* ofxTCPClient.cpp */,
				BAF1A6551CBC470E00D9E9E2 /* ofxTCPClient.h */,
				BAF1A6561CBC470E00D9E9E2 /* ofxTCPManager.cpp */,
				BAF1A6571CBC470E00D9E9E2 /* ofxTCPManager.h */,
				BAF1A6581CBC470E00D9E9E2 /* ofxTCPServer.cpp */,
				BAF1A6591CBC470E00D9E9E2 /* ofxTCPServer.h */,
				BAF1A65A1CBC470E00D9E9E2 /* ofxUDPManager.cpp */,
				BAF1A65B1CBC470E00D9E9E2 /* ofxUDPManager.h */,
			);
			name = src;
			path = ../../../addons/ofxNetwork/src;
			sourceTree = "<group>";
		};
		BAF1A6611CBC476900D9E9E2 /* ofxKinet */ = {
			isa = PBXGroup;
			children = (
				BAF1A6621CBC476900D9E9E2 /* src */,
			);
			name = ofxKinet;
			sourceTree = "<group>";
		};
		BAF1A6621CBC476900D9E9E2 /* src */ = {
			isa = PBXGroup;
			children = (
				BAF1A6631CBC476900D9E9E2 /* ofxKinet.cpp */,
				BAF1A6641CBC476900D9E9E2 /* ofxKinet.h */,
			);
			name = src;
			path = ../../../addons/ofxKinet/src;
			sourceTree = "<group>";
		};
		BAF1A6661CBC481A00D9E9E2 /* ofxXmlSettings */ = {
			isa = PBXGroup;
			children = (
				BAF1A6671CBC481A00D9E9E2 /* src */,
				BAF1A66A1CBC481A00D9E9E2 /* libs */,
			);
			name = ofxXmlSettings;
			sourceTree = "<group>";
		};
		BAF1A6671CBC481A00D9E9E2 /* src */ = {
			isa = PBXGroup;
			children = (
				BAF1A6681CBC481A00D9E9E2 /* ofxXmlSettings.cpp */,
				BAF1A6691CBC481A00D9E9E2 /* ofxXmlSettings.h */,
			);
			name = src;
			path = ../../../addons/ofxXmlSettings/src;
			sourceTree = "<group>";
		};
		BAF1A66A1CBC481A00D9E9E2 /* libs */ = {
			isa = PBXGroup;
			children = (
				BAF1A66B1CBC481A00D9E9E2 /* tinyxml.cpp */,
				BAF1A66C1CBC481A00D9E9E2 /* tinyxml.h */,
				BAF1A66D1CBC481A00D9E9E2 /* tinyxmlerror.cpp */,
				BAF1A66E1CBC481A00D9E9E2 /* tinyxmlparser.cpp */,
			);
			name = libs;
			path = ../../../addons/ofxXmlSettings/libs;
			sourceTree = "<group>";
		};
		BB4B014C10F69532006C3DED /* addons */ = {
			isa = PBXGroup;
			children = (
				BA18A9251CAC5545007E76B8 /* ofxFlowTools */,
				BA22C5801C8E2F0F004B30A7 /* ofxOsc */,
				BA18A9751CAC55DA007E76B8 /* ofxGui */,
				BA18A9951CAC7D9D007E76B8 /* ofxFastFboReader */,
				BAF1A6501CBC470E00D9E9E2 /* ofxNetwork */,
				BAF1A6611CBC476900D9E9E2 /* ofxKinet */,
				BAF1A6661CBC481A00D9E9E2 /* ofxXmlSettings */,
				BA3D3AA81CC820430095C0DD /* ofxSimpleTimer */,
				BADBF2A51CD394C2009AE778 /* ofxCsv */,
				BA255ED11CE128F800B7D06F /* ofxEasing */,
				BA255EDA1CE2125400B7D06F /* ofxGoogleAnalytics */,
				BA255EE21CE2125B00B7D06F /* ofxSimpleHttp */,
			);
			name = addons;
			sourceTree = "<group>";
		};
		E4328144138ABC890047C5CB /* Products */ = {
			isa = PBXGroup;
			children = (
				E4328148138ABC890047C5CB /* openFrameworksDebug.a */,
			);
			name = Products;
			sourceTree = "<group>";
		};
		E4B69B4A0A3A1720003C02F2 = {
			isa = PBXGroup;
			children = (
				E4B6FCAD0C3E899E008CF71C /* openFrameworks-Info.plist */,
				E4EB6923138AFD0F00A09F29 /* Project.xcconfig */,
				E4B69E1C0A3A1BDC003C02F2 /* src */,
				E4EEC9E9138DF44700A80321 /* openFrameworks */,
				BB4B014C10F69532006C3DED /* addons */,
				6948EE371B920CB800B5AC1A /* local_addons */,
				E4B69B5B0A3A1756003C02F2 /* CLP_Knoxville_WallDebug.app */,
			);
			sourceTree = "<group>";
		};
		E4B69E1C0A3A1BDC003C02F2 /* src */ = {
			isa = PBXGroup;
			children = (
				BA9E81581CDA747A001C6F5B /* managers */,
				BADBF2981CD14F79009AE778 /* data */,
				BAF1A6491CBC45FB00D9E9E2 /* peripherals */,
				BA18A9AE1CB2B815007E76B8 /* particles */,
				BA18A9A71CB2B57C007E76B8 /* animations */,
				E4B69E1D0A3A1BDC003C02F2 /* main.cpp */,
				E4B69E1E0A3A1BDC003C02F2 /* ofApp.cpp */,
				E4B69E1F0A3A1BDC003C02F2 /* ofApp.h */,
			);
			path = src;
			sourceTree = SOURCE_ROOT;
		};
		E4EEC9E9138DF44700A80321 /* openFrameworks */ = {
			isa = PBXGroup;
			children = (
				E4EB691F138AFCF100A09F29 /* CoreOF.xcconfig */,
				E4328143138ABC890047C5CB /* openFrameworksLib.xcodeproj */,
			);
			name = openFrameworks;
			sourceTree = "<group>";
		};
/* End PBXGroup section */

/* Begin PBXNativeTarget section */
		E4B69B5A0A3A1756003C02F2 /* CLP_Knoxville_Wall */ = {
			isa = PBXNativeTarget;
			buildConfigurationList = E4B69B5F0A3A1757003C02F2 /* Build configuration list for PBXNativeTarget "CLP_Knoxville_Wall" */;
			buildPhases = (
				E4B69B580A3A1756003C02F2 /* Sources */,
				E4B69B590A3A1756003C02F2 /* Frameworks */,
				E4B6FFFD0C3F9AB9008CF71C /* ShellScript */,
				E4C2427710CC5ABF004149E2 /* CopyFiles */,
			);
			buildRules = (
			);
			dependencies = (
				E4EEB9AC138B136A00A80321 /* PBXTargetDependency */,
			);
			name = CLP_Knoxville_Wall;
			productName = myOFApp;
			productReference = E4B69B5B0A3A1756003C02F2 /* CLP_Knoxville_WallDebug.app */;
			productType = "com.apple.product-type.application";
		};
/* End PBXNativeTarget section */

/* Begin PBXProject section */
		E4B69B4C0A3A1720003C02F2 /* Project object */ = {
			isa = PBXProject;
			attributes = {
				LastUpgradeCheck = 0600;
			};
			buildConfigurationList = E4B69B4D0A3A1720003C02F2 /* Build configuration list for PBXProject "CLP_Knoxville_Wall" */;
			compatibilityVersion = "Xcode 3.2";
			developmentRegion = English;
			hasScannedForEncodings = 0;
			knownRegions = (
				English,
				Japanese,
				French,
				German,
			);
			mainGroup = E4B69B4A0A3A1720003C02F2;
			productRefGroup = E4B69B4A0A3A1720003C02F2;
			projectDirPath = "";
			projectReferences = (
				{
					ProductGroup = E4328144138ABC890047C5CB /* Products */;
					ProjectRef = E4328143138ABC890047C5CB /* openFrameworksLib.xcodeproj */;
				},
			);
			projectRoot = "";
			targets = (
				E4B69B5A0A3A1756003C02F2 /* CLP_Knoxville_Wall */,
			);
		};
/* End PBXProject section */

/* Begin PBXReferenceProxy section */
		E4328148138ABC890047C5CB /* openFrameworksDebug.a */ = {
			isa = PBXReferenceProxy;
			fileType = archive.ar;
			path = openFrameworksDebug.a;
			remoteRef = E4328147138ABC890047C5CB /* PBXContainerItemProxy */;
			sourceTree = BUILT_PRODUCTS_DIR;
		};
/* End PBXReferenceProxy section */

/* Begin PBXShellScriptBuildPhase section */
		E4B6FFFD0C3F9AB9008CF71C /* ShellScript */ = {
			isa = PBXShellScriptBuildPhase;
			buildActionMask = 2147483647;
			files = (
			);
			inputPaths = (
			);
			outputPaths = (
			);
			runOnlyForDeploymentPostprocessing = 0;
			shellPath = /bin/sh;
			shellScript = "rsync -aved ../../../libs/fmodex/lib/osx/libfmodex.dylib \"$TARGET_BUILD_DIR/$PRODUCT_NAME.app/Contents/MacOS/\"; install_name_tool -change ./libfmodex.dylib @executable_path/libfmodex.dylib \"$TARGET_BUILD_DIR/$PRODUCT_NAME.app/Contents/MacOS/$PRODUCT_NAME\";\nmkdir -p \"$TARGET_BUILD_DIR/$PRODUCT_NAME.app/Contents/Resources/\"\nrsync -aved \"$ICON_FILE\" \"$TARGET_BUILD_DIR/$PRODUCT_NAME.app/Contents/Resources/\"\nrsync -aved ../../../libs/glut/lib/osx/GLUT.framework \"$TARGET_BUILD_DIR/$PRODUCT_NAME.app/Contents/Frameworks/\"\n";
		};
/* End PBXShellScriptBuildPhase section */

/* Begin PBXSourcesBuildPhase section */
		E4B69B580A3A1756003C02F2 /* Sources */ = {
			isa = PBXSourcesBuildPhase;
			buildActionMask = 2147483647;
			files = (
				E4B69E200A3A1BDC003C02F2 /* main.cpp in Sources */,
				E4B69E210A3A1BDC003C02F2 /* ofApp.cpp in Sources */,
				BA22C5AE1C8E2F0F004B30A7 /* ofxOscReceiver.cpp in Sources */,
				BA3D3AAC1CC820430095C0DD /* ofxSimpleTimer.cpp in Sources */,
				BA22C5B51C8E2F0F004B30A7 /* OscReceivedElements.cpp in Sources */,
				BA18A9BD1CB2D489007E76B8 /* popAnimation.cpp in Sources */,
				BA8C2AAE1D1AEB1A00A8C9E3 /* userPopAnimation.cpp in Sources */,
				BA22C5B11C8E2F0F004B30A7 /* NetworkingUtils.cpp in Sources */,
				BAF1A66F1CBC481A00D9E9E2 /* ofxXmlSettings.cpp in Sources */,
				BA255EED1CE2125B00B7D06F /* ofxChecksum.cpp in Sources */,
				BA22C5B21C8E2F0F004B30A7 /* UdpSocket.cpp in Sources */,
				BA18A98D1CAC55DA007E76B8 /* ofxSlider.cpp in Sources */,
				BA18A98A1CAC55DA007E76B8 /* ofxGuiGroup.cpp in Sources */,
				BA255EEF1CE2125B00B7D06F /* ofxSimpleHttp.cpp in Sources */,
				BA18A9741CAC5545007E76B8 /* ftAverageVelocity.cpp in Sources */,
				BA3D3AA41CC8185D0095C0DD /* oscManager.cpp in Sources */,
				BADBF2AB1CD394C2009AE778 /* ofxCsv.cpp in Sources */,
				BAF1A6781CBD8BBF00D9E9E2 /* explosionAnimation.cpp in Sources */,
				BA18A9711CAC5545007E76B8 /* ftVelocityMask.cpp in Sources */,
				BA18A9731CAC5545007E76B8 /* ftParticleFlow.cpp in Sources */,
				BA57019D1CB816F800C75341 /* lightPoint.cpp in Sources */,
				BA18A96F1CAC5545007E76B8 /* ftDrawMouseForces.cpp in Sources */,
				BA18A9B11CB2B82F007E76B8 /* particleManager.cpp in Sources */,
				BA255EE11CE2125400B7D06F /* uriencode.cpp in Sources */,
				BA22C5B41C8E2F0F004B30A7 /* OscPrintReceivedElements.cpp in Sources */,
				BA18A96E1CAC5545007E76B8 /* ftDrawForce.cpp in Sources */,
				BAF1A65F1CBC470E00D9E9E2 /* ofxUDPManager.cpp in Sources */,
				BA18A9941CAC7C5D007E76B8 /* fluidManager.cpp in Sources */,
				BA18A9721CAC5545007E76B8 /* ftOpticalFlow.cpp in Sources */,
				BA18A98B1CAC55DA007E76B8 /* ofxLabel.cpp in Sources */,
				BAF1A64C1CBC461E00D9E9E2 /* kinetManager.cpp in Sources */,
				BAF1A6651CBC476900D9E9E2 /* ofxKinet.cpp in Sources */,
				BA18A99C1CAEFC93007E76B8 /* particle.cpp in Sources */,
				BADBF2AC1CD394C2009AE778 /* ofxCsvRow.cpp in Sources */,
				BA18A98C1CAC55DA007E76B8 /* ofxPanel.cpp in Sources */,
				BA9E815B1CDA74A9001C6F5B /* vehicle.cpp in Sources */,
				BA18A9891CAC55DA007E76B8 /* ofxButton.cpp in Sources */,
				BA18A9B41CB2B966007E76B8 /* sceneBuilder.cpp in Sources */,
				BA18A9AD1CB2B7B6007E76B8 /* sweepAnimation.cpp in Sources */,
				BA18A9991CAC7D9D007E76B8 /* ofxFastFboReader.cpp in Sources */,
				BAF1A6701CBC481A00D9E9E2 /* tinyxml.cpp in Sources */,
				BA5701951CB8168600C75341 /* csvLoader.cpp in Sources */,
				BA18A9AA1CB2B597007E76B8 /* baseAnimation.cpp in Sources */,
				BA18A9701CAC5545007E76B8 /* ftFluidSimulation.cpp in Sources */,
				BA18A98E1CAC55DA007E76B8 /* ofxSliderGroup.cpp in Sources */,
				BA255EE01CE2125400B7D06F /* ofxGoogleAnalytics.cpp in Sources */,
				BA22C5AB1C8E2F0F004B30A7 /* ofxOscBundle.cpp in Sources */,
				BAF1A6721CBC481A00D9E9E2 /* tinyxmlparser.cpp in Sources */,
				BA18A98F1CAC55DA007E76B8 /* ofxToggle.cpp in Sources */,
				BA22C5B01C8E2F0F004B30A7 /* IpEndpointName.cpp in Sources */,
				BA22C5B61C8E2F0F004B30A7 /* OscTypes.cpp in Sources */,
				BA255ED71CE12A9100B7D06F /* settingsGenerator.cpp in Sources */,
				BA22C5AD1C8E2F0F004B30A7 /* ofxOscParameterSync.cpp in Sources */,
				BAF1A65C1CBC470E00D9E9E2 /* ofxTCPClient.cpp in Sources */,
				BA255EEE1CE2125B00B7D06F /* ofxDownloadCentral.cpp in Sources */,
				BAF1A65D1CBC470E00D9E9E2 /* ofxTCPManager.cpp in Sources */,
				BA255EEC1CE2125B00B7D06F /* ofxBatchDownloader.cpp in Sources */,
				BAF1A65E1CBC470E00D9E9E2 /* ofxTCPServer.cpp in Sources */,
				BA22C5AF1C8E2F0F004B30A7 /* ofxOscSender.cpp in Sources */,
				BA18A9A61CB2AD22007E76B8 /* stateManager.cpp in Sources */,
				BA22C5B31C8E2F0F004B30A7 /* OscOutboundPacketStream.cpp in Sources */,
				BA22C5AC1C8E2F0F004B30A7 /* ofxOscMessage.cpp in Sources */,
				BA18A9881CAC55DA007E76B8 /* ofxBaseGui.cpp in Sources */,
				BAF1A6711CBC481A00D9E9E2 /* tinyxmlerror.cpp in Sources */,
			);
			runOnlyForDeploymentPostprocessing = 0;
		};
/* End PBXSourcesBuildPhase section */

/* Begin PBXTargetDependency section */
		E4EEB9AC138B136A00A80321 /* PBXTargetDependency */ = {
			isa = PBXTargetDependency;
			name = openFrameworks;
			targetProxy = E4EEB9AB138B136A00A80321 /* PBXContainerItemProxy */;
		};
/* End PBXTargetDependency section */

/* Begin XCBuildConfiguration section */
		E4B69B4E0A3A1720003C02F2 /* Debug */ = {
			isa = XCBuildConfiguration;
			baseConfigurationReference = E4EB6923138AFD0F00A09F29 /* Project.xcconfig */;
			buildSettings = {
				CONFIGURATION_BUILD_DIR = "$(SRCROOT)/bin/";
				COPY_PHASE_STRIP = NO;
				DEAD_CODE_STRIPPING = YES;
				GCC_AUTO_VECTORIZATION = YES;
				GCC_ENABLE_SSE3_EXTENSIONS = YES;
				GCC_ENABLE_SUPPLEMENTAL_SSE3_INSTRUCTIONS = YES;
				GCC_INLINES_ARE_PRIVATE_EXTERN = NO;
				GCC_OPTIMIZATION_LEVEL = 0;
				GCC_SYMBOLS_PRIVATE_EXTERN = NO;
				GCC_WARN_ABOUT_DEPRECATED_FUNCTIONS = YES;
				GCC_WARN_ABOUT_INVALID_OFFSETOF_MACRO = NO;
				GCC_WARN_ALLOW_INCOMPLETE_PROTOCOL = NO;
				GCC_WARN_UNINITIALIZED_AUTOS = NO;
				GCC_WARN_UNUSED_VALUE = NO;
				GCC_WARN_UNUSED_VARIABLE = NO;
				HEADER_SEARCH_PATHS = (
					"$(OF_CORE_HEADERS)",
					src,
					../../../addons/ofxHTTP/libs,
					../../../addons/ofxHTTP/libs/ofxHTTP,
					../../../addons/ofxHTTP/libs/ofxHTTP/include,
					../../../addons/ofxHTTP/libs/ofxHTTP/include/ofx,
					../../../addons/ofxHTTP/libs/ofxHTTP/include/ofx/HTTP,
					../../../addons/ofxHTTP/libs/ofxHTTP/src,
					../../../addons/ofxHTTP/src,
					../../../addons/ofxIO/libs,
					../../../addons/ofxIO/libs/alphanum,
					../../../addons/ofxIO/libs/alphanum/include,
					../../../addons/ofxIO/libs/lz4,
					../../../addons/ofxIO/libs/lz4/src,
					../../../addons/ofxIO/libs/ofxIO,
					../../../addons/ofxIO/libs/ofxIO/include,
					../../../addons/ofxIO/libs/ofxIO/include/ofx,
					../../../addons/ofxIO/libs/ofxIO/include/ofx/IO,
					../../../addons/ofxIO/libs/ofxIO/src,
					../../../addons/ofxIO/libs/snappy,
					../../../addons/ofxIO/libs/snappy/src,
					../../../addons/ofxIO/src,
					../../../addons/ofxJSON/libs,
					../../../addons/ofxJSON/libs/jsoncpp,
					../../../addons/ofxJSON/libs/jsoncpp/include,
					../../../addons/ofxJSON/libs/jsoncpp/include/json,
					../../../addons/ofxJSON/libs/jsoncpp/src,
					../../../addons/ofxJSON/src,
					../../../addons/ofxJSONRPC/libs,
					../../../addons/ofxJSONRPC/libs/ofxHTTP,
					../../../addons/ofxJSONRPC/libs/ofxHTTP/include,
					../../../addons/ofxJSONRPC/libs/ofxHTTP/include/ofx,
					../../../addons/ofxJSONRPC/libs/ofxHTTP/include/ofx/HTTP,
					../../../addons/ofxJSONRPC/libs/ofxHTTP/src,
					../../../addons/ofxJSONRPC/libs/ofxJSONRPC,
					../../../addons/ofxJSONRPC/libs/ofxJSONRPC/include,
					../../../addons/ofxJSONRPC/libs/ofxJSONRPC/include/ofx,
					../../../addons/ofxJSONRPC/libs/ofxJSONRPC/include/ofx/JSONRPC,
					../../../addons/ofxJSONRPC/libs/ofxJSONRPC/src,
					../../../addons/ofxJSONRPC/src,
					../../../addons/ofxMediaType/libs,
					../../../addons/ofxMediaType/libs/ofxMediaType,
					../../../addons/ofxMediaType/libs/ofxMediaType/include,
					../../../addons/ofxMediaType/libs/ofxMediaType/include/ofx,
					../../../addons/ofxMediaType/libs/ofxMediaType/src,
					../../../addons/ofxMediaType/src,
					../../../addons/ofxNetworkUtils/libs,
					../../../addons/ofxNetworkUtils/libs/ofxNetworkUtils,
					../../../addons/ofxNetworkUtils/libs/ofxNetworkUtils/include,
					../../../addons/ofxNetworkUtils/libs/ofxNetworkUtils/include/ofx,
					../../../addons/ofxNetworkUtils/libs/ofxNetworkUtils/include/ofx/Net,
					../../../addons/ofxNetworkUtils/libs/ofxNetworkUtils/src,
					../../../addons/ofxNetworkUtils/src,
					../../../addons/ofxSSLManager/src,
					../../../addons/ofxTaskQueue/libs,
					../../../addons/ofxTaskQueue/libs/ofxTaskQueue,
					../../../addons/ofxTaskQueue/libs/ofxTaskQueue/include,
					../../../addons/ofxTaskQueue/libs/ofxTaskQueue/include/ofx,
					../../../addons/ofxTaskQueue/src,
				);
				MACOSX_DEPLOYMENT_TARGET = 10.8;
				ONLY_ACTIVE_ARCH = YES;
				OTHER_CPLUSPLUSFLAGS = (
					"-D__MACOSX_CORE__",
					"-mtune=native",
				);
				SDKROOT = macosx;
			};
			name = Debug;
		};
		E4B69B4F0A3A1720003C02F2 /* Release */ = {
			isa = XCBuildConfiguration;
			baseConfigurationReference = E4EB6923138AFD0F00A09F29 /* Project.xcconfig */;
			buildSettings = {
				CONFIGURATION_BUILD_DIR = "$(SRCROOT)/bin/";
				COPY_PHASE_STRIP = YES;
				DEAD_CODE_STRIPPING = YES;
				GCC_AUTO_VECTORIZATION = YES;
				GCC_ENABLE_SSE3_EXTENSIONS = YES;
				GCC_ENABLE_SUPPLEMENTAL_SSE3_INSTRUCTIONS = YES;
				GCC_INLINES_ARE_PRIVATE_EXTERN = NO;
				GCC_OPTIMIZATION_LEVEL = 3;
				GCC_SYMBOLS_PRIVATE_EXTERN = NO;
				GCC_UNROLL_LOOPS = YES;
				GCC_WARN_ABOUT_DEPRECATED_FUNCTIONS = YES;
				GCC_WARN_ABOUT_INVALID_OFFSETOF_MACRO = NO;
				GCC_WARN_ALLOW_INCOMPLETE_PROTOCOL = NO;
				GCC_WARN_UNINITIALIZED_AUTOS = NO;
				GCC_WARN_UNUSED_VALUE = NO;
				GCC_WARN_UNUSED_VARIABLE = NO;
				HEADER_SEARCH_PATHS = (
					"$(OF_CORE_HEADERS)",
					src,
					../../../addons/ofxHTTP/libs,
					../../../addons/ofxHTTP/libs/ofxHTTP,
					../../../addons/ofxHTTP/libs/ofxHTTP/include,
					../../../addons/ofxHTTP/libs/ofxHTTP/include/ofx,
					../../../addons/ofxHTTP/libs/ofxHTTP/include/ofx/HTTP,
					../../../addons/ofxHTTP/libs/ofxHTTP/src,
					../../../addons/ofxHTTP/src,
					../../../addons/ofxIO/libs,
					../../../addons/ofxIO/libs/alphanum,
					../../../addons/ofxIO/libs/alphanum/include,
					../../../addons/ofxIO/libs/lz4,
					../../../addons/ofxIO/libs/lz4/src,
					../../../addons/ofxIO/libs/ofxIO,
					../../../addons/ofxIO/libs/ofxIO/include,
					../../../addons/ofxIO/libs/ofxIO/include/ofx,
					../../../addons/ofxIO/libs/ofxIO/include/ofx/IO,
					../../../addons/ofxIO/libs/ofxIO/src,
					../../../addons/ofxIO/libs/snappy,
					../../../addons/ofxIO/libs/snappy/src,
					../../../addons/ofxIO/src,
					../../../addons/ofxJSON/libs,
					../../../addons/ofxJSON/libs/jsoncpp,
					../../../addons/ofxJSON/libs/jsoncpp/include,
					../../../addons/ofxJSON/libs/jsoncpp/include/json,
					../../../addons/ofxJSON/libs/jsoncpp/src,
					../../../addons/ofxJSON/src,
					../../../addons/ofxJSONRPC/libs,
					../../../addons/ofxJSONRPC/libs/ofxHTTP,
					../../../addons/ofxJSONRPC/libs/ofxHTTP/include,
					../../../addons/ofxJSONRPC/libs/ofxHTTP/include/ofx,
					../../../addons/ofxJSONRPC/libs/ofxHTTP/include/ofx/HTTP,
					../../../addons/ofxJSONRPC/libs/ofxHTTP/src,
					../../../addons/ofxJSONRPC/libs/ofxJSONRPC,
					../../../addons/ofxJSONRPC/libs/ofxJSONRPC/include,
					../../../addons/ofxJSONRPC/libs/ofxJSONRPC/include/ofx,
					../../../addons/ofxJSONRPC/libs/ofxJSONRPC/include/ofx/JSONRPC,
					../../../addons/ofxJSONRPC/libs/ofxJSONRPC/src,
					../../../addons/ofxJSONRPC/src,
					../../../addons/ofxMediaType/libs,
					../../../addons/ofxMediaType/libs/ofxMediaType,
					../../../addons/ofxMediaType/libs/ofxMediaType/include,
					../../../addons/ofxMediaType/libs/ofxMediaType/include/ofx,
					../../../addons/ofxMediaType/libs/ofxMediaType/src,
					../../../addons/ofxMediaType/src,
					../../../addons/ofxNetworkUtils/libs,
					../../../addons/ofxNetworkUtils/libs/ofxNetworkUtils,
					../../../addons/ofxNetworkUtils/libs/ofxNetworkUtils/include,
					../../../addons/ofxNetworkUtils/libs/ofxNetworkUtils/include/ofx,
					../../../addons/ofxNetworkUtils/libs/ofxNetworkUtils/include/ofx/Net,
					../../../addons/ofxNetworkUtils/libs/ofxNetworkUtils/src,
					../../../addons/ofxNetworkUtils/src,
					../../../addons/ofxSSLManager/src,
					../../../addons/ofxTaskQueue/libs,
					../../../addons/ofxTaskQueue/libs/ofxTaskQueue,
					../../../addons/ofxTaskQueue/libs/ofxTaskQueue/include,
					../../../addons/ofxTaskQueue/libs/ofxTaskQueue/include/ofx,
					../../../addons/ofxTaskQueue/src,
				);
				MACOSX_DEPLOYMENT_TARGET = 10.8;
				OTHER_CPLUSPLUSFLAGS = (
					"-D__MACOSX_CORE__",
					"-mtune=native",
				);
				SDKROOT = macosx;
			};
			name = Release;
		};
		E4B69B600A3A1757003C02F2 /* Debug */ = {
			isa = XCBuildConfiguration;
			baseConfigurationReference = E4EB6923138AFD0F00A09F29 /* Project.xcconfig */;
			buildSettings = {
				COMBINE_HIDPI_IMAGES = YES;
				COPY_PHASE_STRIP = NO;
				FRAMEWORK_SEARCH_PATHS = (
					"$(inherited)",
					"$(FRAMEWORK_SEARCH_PATHS_QUOTED_FOR_TARGET_1)",
				);
				FRAMEWORK_SEARCH_PATHS_QUOTED_FOR_TARGET_1 = "\"$(SRCROOT)/../../../libs/glut/lib/osx\"";
				GCC_DYNAMIC_NO_PIC = NO;
				GCC_GENERATE_DEBUGGING_SYMBOLS = YES;
				GCC_MODEL_TUNING = NONE;
				HEADER_SEARCH_PATHS = (
					"$(OF_CORE_HEADERS)",
					src,
					../../../addons/ofxHTTP/libs,
					../../../addons/ofxHTTP/libs/ofxHTTP,
					../../../addons/ofxHTTP/libs/ofxHTTP/include,
					../../../addons/ofxHTTP/libs/ofxHTTP/include/ofx,
					../../../addons/ofxHTTP/libs/ofxHTTP/include/ofx/HTTP,
					../../../addons/ofxHTTP/libs/ofxHTTP/src,
					../../../addons/ofxHTTP/src,
					../../../addons/ofxIO/libs,
					../../../addons/ofxIO/libs/alphanum,
					../../../addons/ofxIO/libs/alphanum/include,
					../../../addons/ofxIO/libs/lz4,
					../../../addons/ofxIO/libs/lz4/src,
					../../../addons/ofxIO/libs/ofxIO,
					../../../addons/ofxIO/libs/ofxIO/include,
					../../../addons/ofxIO/libs/ofxIO/include/ofx,
					../../../addons/ofxIO/libs/ofxIO/include/ofx/IO,
					../../../addons/ofxIO/libs/ofxIO/src,
					../../../addons/ofxIO/libs/snappy,
					../../../addons/ofxIO/libs/snappy/src,
					../../../addons/ofxIO/src,
					../../../addons/ofxJSON/libs,
					../../../addons/ofxJSON/libs/jsoncpp,
					../../../addons/ofxJSON/libs/jsoncpp/include,
					../../../addons/ofxJSON/libs/jsoncpp/include/json,
					../../../addons/ofxJSON/libs/jsoncpp/src,
					../../../addons/ofxJSON/src,
					../../../addons/ofxJSONRPC/libs,
					../../../addons/ofxJSONRPC/libs/ofxHTTP,
					../../../addons/ofxJSONRPC/libs/ofxHTTP/include,
					../../../addons/ofxJSONRPC/libs/ofxHTTP/include/ofx,
					../../../addons/ofxJSONRPC/libs/ofxHTTP/include/ofx/HTTP,
					../../../addons/ofxJSONRPC/libs/ofxHTTP/src,
					../../../addons/ofxJSONRPC/libs/ofxJSONRPC,
					../../../addons/ofxJSONRPC/libs/ofxJSONRPC/include,
					../../../addons/ofxJSONRPC/libs/ofxJSONRPC/include/ofx,
					../../../addons/ofxJSONRPC/libs/ofxJSONRPC/include/ofx/JSONRPC,
					../../../addons/ofxJSONRPC/libs/ofxJSONRPC/src,
					../../../addons/ofxJSONRPC/src,
					../../../addons/ofxMediaType/libs,
					../../../addons/ofxMediaType/libs/ofxMediaType,
					../../../addons/ofxMediaType/libs/ofxMediaType/include,
					../../../addons/ofxMediaType/libs/ofxMediaType/include/ofx,
					../../../addons/ofxMediaType/libs/ofxMediaType/src,
					../../../addons/ofxMediaType/src,
					../../../addons/ofxNetworkUtils/libs,
					../../../addons/ofxNetworkUtils/libs/ofxNetworkUtils,
					../../../addons/ofxNetworkUtils/libs/ofxNetworkUtils/include,
					../../../addons/ofxNetworkUtils/libs/ofxNetworkUtils/include/ofx,
					../../../addons/ofxNetworkUtils/libs/ofxNetworkUtils/include/ofx/Net,
					../../../addons/ofxNetworkUtils/libs/ofxNetworkUtils/src,
					../../../addons/ofxNetworkUtils/src,
					../../../addons/ofxSSLManager/src,
					../../../addons/ofxTaskQueue/libs,
					../../../addons/ofxTaskQueue/libs/ofxTaskQueue,
					../../../addons/ofxTaskQueue/libs/ofxTaskQueue/include,
					../../../addons/ofxTaskQueue/libs/ofxTaskQueue/include/ofx,
					../../../addons/ofxTaskQueue/src,
					"../../../addons/ofxBox2d/libs/**",
					"../../../addons/ofxOsc/libs/**",
				);
				ICON = "$(ICON_NAME_DEBUG)";
				ICON_FILE = "$(ICON_FILE_PATH)$(ICON)";
				INFOPLIST_FILE = "openFrameworks-Info.plist";
				INSTALL_PATH = "$(HOME)/Applications";
				LIBRARY_SEARCH_PATHS = "$(inherited)";
				PRODUCT_NAME = CLP_Knoxville_WallDebug;
				USER_HEADER_SEARCH_PATHS = "";
				WRAPPER_EXTENSION = app;
			};
			name = Debug;
		};
		E4B69B610A3A1757003C02F2 /* Release */ = {
			isa = XCBuildConfiguration;
			baseConfigurationReference = E4EB6923138AFD0F00A09F29 /* Project.xcconfig */;
			buildSettings = {
				COMBINE_HIDPI_IMAGES = YES;
				COPY_PHASE_STRIP = YES;
				FRAMEWORK_SEARCH_PATHS = (
					"$(inherited)",
					"$(FRAMEWORK_SEARCH_PATHS_QUOTED_FOR_TARGET_1)",
				);
				FRAMEWORK_SEARCH_PATHS_QUOTED_FOR_TARGET_1 = "\"$(SRCROOT)/../../../libs/glut/lib/osx\"";
				GCC_GENERATE_DEBUGGING_SYMBOLS = YES;
				GCC_MODEL_TUNING = NONE;
				HEADER_SEARCH_PATHS = (
					"$(OF_CORE_HEADERS)",
					src,
					../../../addons/ofxHTTP/libs,
					../../../addons/ofxHTTP/libs/ofxHTTP,
					../../../addons/ofxHTTP/libs/ofxHTTP/include,
					../../../addons/ofxHTTP/libs/ofxHTTP/include/ofx,
					../../../addons/ofxHTTP/libs/ofxHTTP/include/ofx/HTTP,
					../../../addons/ofxHTTP/libs/ofxHTTP/src,
					../../../addons/ofxHTTP/src,
					../../../addons/ofxIO/libs,
					../../../addons/ofxIO/libs/alphanum,
					../../../addons/ofxIO/libs/alphanum/include,
					../../../addons/ofxIO/libs/lz4,
					../../../addons/ofxIO/libs/lz4/src,
					../../../addons/ofxIO/libs/ofxIO,
					../../../addons/ofxIO/libs/ofxIO/include,
					../../../addons/ofxIO/libs/ofxIO/include/ofx,
					../../../addons/ofxIO/libs/ofxIO/include/ofx/IO,
					../../../addons/ofxIO/libs/ofxIO/src,
					../../../addons/ofxIO/libs/snappy,
					../../../addons/ofxIO/libs/snappy/src,
					../../../addons/ofxIO/src,
					../../../addons/ofxJSON/libs,
					../../../addons/ofxJSON/libs/jsoncpp,
					../../../addons/ofxJSON/libs/jsoncpp/include,
					../../../addons/ofxJSON/libs/jsoncpp/include/json,
					../../../addons/ofxJSON/libs/jsoncpp/src,
					../../../addons/ofxJSON/src,
					../../../addons/ofxJSONRPC/libs,
					../../../addons/ofxJSONRPC/libs/ofxHTTP,
					../../../addons/ofxJSONRPC/libs/ofxHTTP/include,
					../../../addons/ofxJSONRPC/libs/ofxHTTP/include/ofx,
					../../../addons/ofxJSONRPC/libs/ofxHTTP/include/ofx/HTTP,
					../../../addons/ofxJSONRPC/libs/ofxHTTP/src,
					../../../addons/ofxJSONRPC/libs/ofxJSONRPC,
					../../../addons/ofxJSONRPC/libs/ofxJSONRPC/include,
					../../../addons/ofxJSONRPC/libs/ofxJSONRPC/include/ofx,
					../../../addons/ofxJSONRPC/libs/ofxJSONRPC/include/ofx/JSONRPC,
					../../../addons/ofxJSONRPC/libs/ofxJSONRPC/src,
					../../../addons/ofxJSONRPC/src,
					../../../addons/ofxMediaType/libs,
					../../../addons/ofxMediaType/libs/ofxMediaType,
					../../../addons/ofxMediaType/libs/ofxMediaType/include,
					../../../addons/ofxMediaType/libs/ofxMediaType/include/ofx,
					../../../addons/ofxMediaType/libs/ofxMediaType/src,
					../../../addons/ofxMediaType/src,
					../../../addons/ofxNetworkUtils/libs,
					../../../addons/ofxNetworkUtils/libs/ofxNetworkUtils,
					../../../addons/ofxNetworkUtils/libs/ofxNetworkUtils/include,
					../../../addons/ofxNetworkUtils/libs/ofxNetworkUtils/include/ofx,
					../../../addons/ofxNetworkUtils/libs/ofxNetworkUtils/include/ofx/Net,
					../../../addons/ofxNetworkUtils/libs/ofxNetworkUtils/src,
					../../../addons/ofxNetworkUtils/src,
					../../../addons/ofxSSLManager/src,
					../../../addons/ofxTaskQueue/libs,
					../../../addons/ofxTaskQueue/libs/ofxTaskQueue,
					../../../addons/ofxTaskQueue/libs/ofxTaskQueue/include,
					../../../addons/ofxTaskQueue/libs/ofxTaskQueue/include/ofx,
					../../../addons/ofxTaskQueue/src,
					"../../../addons/ofxBox2d/libs/**",
					"../../../addons/ofxOsc/libs/**",
				);
				ICON = "$(ICON_NAME_RELEASE)";
				ICON_FILE = "$(ICON_FILE_PATH)$(ICON)";
				INFOPLIST_FILE = "openFrameworks-Info.plist";
				INSTALL_PATH = "$(HOME)/Applications";
				LIBRARY_SEARCH_PATHS = "$(inherited)";
				PRODUCT_NAME = CLP_Knoxville_Wall;
				USER_HEADER_SEARCH_PATHS = "";
				WRAPPER_EXTENSION = app;
				baseConfigurationReference = E4EB6923138AFD0F00A09F29;
			};
			name = Release;
		};
/* End XCBuildConfiguration section */

/* Begin XCConfigurationList section */
		E4B69B4D0A3A1720003C02F2 /* Build configuration list for PBXProject "CLP_Knoxville_Wall" */ = {
			isa = XCConfigurationList;
			buildConfigurations = (
				E4B69B4E0A3A1720003C02F2 /* Debug */,
				E4B69B4F0A3A1720003C02F2 /* Release */,
			);
			defaultConfigurationIsVisible = 0;
			defaultConfigurationName = Release;
		};
		E4B69B5F0A3A1757003C02F2 /* Build configuration list for PBXNativeTarget "CLP_Knoxville_Wall" */ = {
			isa = XCConfigurationList;
			buildConfigurations = (
				E4B69B600A3A1757003C02F2 /* Debug */,
				E4B69B610A3A1757003C02F2 /* Release */,
			);
			defaultConfigurationIsVisible = 0;
			defaultConfigurationName = Release;
		};
/* End XCConfigurationList section */
	};
	rootObject = E4B69B4C0A3A1720003C02F2 /* Project object */;
}
